// !$*UTF8*$!
{
	archiveVersion = 1;
	classes = {
	};
	objectVersion = 46;
	objects = {

/* Begin PBXBuildFile section */
		2D42277F1BB4365C000C1A6C /* SRWebSocket.h in Headers */ = {isa = PBXBuildFile; fileRef = F6A12CCF145119B700C1D980 /* SRWebSocket.h */; settings = {ATTRIBUTES = (Public, ); }; };
		2D4227801BB43693000C1A6C /* Foundation.framework in Frameworks */ = {isa = PBXBuildFile; fileRef = F6B208301450F597009315AF /* Foundation.framework */; };
		2D4227831BB436B1000C1A6C /* Security.framework in Frameworks */ = {isa = PBXBuildFile; fileRef = F6A12CD3145122FC00C1D980 /* Security.framework */; };
		2D4227851BB43734000C1A6C /* SRWebSocket.m in Sources */ = {isa = PBXBuildFile; fileRef = F6A12CD0145119B700C1D980 /* SRWebSocket.m */; };
		2D8650261BB43B9B00534598 /* libicucore.dylib in Frameworks */ = {isa = PBXBuildFile; fileRef = F6C41C95145F7C4700641356 /* libicucore.dylib */; };
		3345DC841C52ACD70083CCB8 /* SRWebSocket.m in Sources */ = {isa = PBXBuildFile; fileRef = F6A12CD0145119B700C1D980 /* SRWebSocket.m */; };
		3345DC861C52ACD70083CCB8 /* libicucore.dylib in Frameworks */ = {isa = PBXBuildFile; fileRef = F6C41C95145F7C4700641356 /* libicucore.dylib */; };
		3345DC871C52ACD70083CCB8 /* Security.framework in Frameworks */ = {isa = PBXBuildFile; fileRef = F6A12CD3145122FC00C1D980 /* Security.framework */; };
		3345DC881C52ACD70083CCB8 /* Foundation.framework in Frameworks */ = {isa = PBXBuildFile; fileRef = F6B208301450F597009315AF /* Foundation.framework */; };
		3345DC8A1C52ACD70083CCB8 /* SRWebSocket.h in Headers */ = {isa = PBXBuildFile; fileRef = F6A12CCF145119B700C1D980 /* SRWebSocket.h */; settings = {ATTRIBUTES = (Public, ); }; };
		4861E7751D022211002FAB1D /* SRProxyConnect.h in Headers */ = {isa = PBXBuildFile; fileRef = 4861E7731D022211002FAB1D /* SRProxyConnect.h */; };
		4861E7761D022211002FAB1D /* SRProxyConnect.m in Sources */ = {isa = PBXBuildFile; fileRef = 4861E7741D022211002FAB1D /* SRProxyConnect.m */; };
		555E0EB41C51E57A00E6BB92 /* SocketRocket.h in Headers */ = {isa = PBXBuildFile; fileRef = 555E0EB11C51E56D00E6BB92 /* SocketRocket.h */; settings = {ATTRIBUTES = (Public, ); }; };
		8105E4801CDD67B400AA12DB /* SRAutobahnTests.m in Sources */ = {isa = PBXBuildFile; fileRef = 8105E47A1CDD679A00AA12DB /* SRAutobahnTests.m */; };
		8105E4821CDD67BD00AA12DB /* SRTWebSocketOperation.m in Sources */ = {isa = PBXBuildFile; fileRef = 8105E4771CDD679A00AA12DB /* SRTWebSocketOperation.m */; };
		8105E4AE1CDD6E6200AA12DB /* SRAutobahnOperation.m in Sources */ = {isa = PBXBuildFile; fileRef = 8105E4AD1CDD6E6200AA12DB /* SRAutobahnOperation.m */; };
		8105E5281CDD98E100AA12DB /* autobahn_configuration.json in Resources */ = {isa = PBXBuildFile; fileRef = 8105E5271CDD98E100AA12DB /* autobahn_configuration.json */; };
		811934BC1CDAF725003AB243 /* SocketRocket.h in Headers */ = {isa = PBXBuildFile; fileRef = 555E0EB11C51E56D00E6BB92 /* SocketRocket.h */; settings = {ATTRIBUTES = (Public, ); }; };
		811934BE1CDAF725003AB243 /* SocketRocket.h in Headers */ = {isa = PBXBuildFile; fileRef = 555E0EB11C51E56D00E6BB92 /* SocketRocket.h */; settings = {ATTRIBUTES = (Public, ); }; };
		811934C01CDAF726003AB243 /* SocketRocket.h in Headers */ = {isa = PBXBuildFile; fileRef = 555E0EB11C51E56D00E6BB92 /* SocketRocket.h */; settings = {ATTRIBUTES = (Public, ); }; };
		813364001D091E170062E28D /* SRProxyConnect.h in Headers */ = {isa = PBXBuildFile; fileRef = 4861E7731D022211002FAB1D /* SRProxyConnect.h */; };
		813364041D091E170062E28D /* SRProxyConnect.h in Headers */ = {isa = PBXBuildFile; fileRef = 4861E7731D022211002FAB1D /* SRProxyConnect.h */; };
		813364081D091E180062E28D /* SRProxyConnect.h in Headers */ = {isa = PBXBuildFile; fileRef = 4861E7731D022211002FAB1D /* SRProxyConnect.h */; };
		8133640C1D091E1B0062E28D /* SRProxyConnect.m in Sources */ = {isa = PBXBuildFile; fileRef = 4861E7741D022211002FAB1D /* SRProxyConnect.m */; };
		8133640E1D091E1B0062E28D /* SRProxyConnect.m in Sources */ = {isa = PBXBuildFile; fileRef = 4861E7741D022211002FAB1D /* SRProxyConnect.m */; };
		8133640F1D091E1C0062E28D /* SRProxyConnect.m in Sources */ = {isa = PBXBuildFile; fileRef = 4861E7741D022211002FAB1D /* SRProxyConnect.m */; };
		817995861CE139700084DA37 /* SRDelegateController.h in Headers */ = {isa = PBXBuildFile; fileRef = 817995841CE139700084DA37 /* SRDelegateController.h */; };
		817995871CE139700084DA37 /* SRDelegateController.h in Headers */ = {isa = PBXBuildFile; fileRef = 817995841CE139700084DA37 /* SRDelegateController.h */; };
		817995881CE139700084DA37 /* SRDelegateController.h in Headers */ = {isa = PBXBuildFile; fileRef = 817995841CE139700084DA37 /* SRDelegateController.h */; };
		817995891CE139700084DA37 /* SRDelegateController.h in Headers */ = {isa = PBXBuildFile; fileRef = 817995841CE139700084DA37 /* SRDelegateController.h */; };
		8179958A1CE139700084DA37 /* SRDelegateController.m in Sources */ = {isa = PBXBuildFile; fileRef = 817995851CE139700084DA37 /* SRDelegateController.m */; };
		8179958B1CE139700084DA37 /* SRDelegateController.m in Sources */ = {isa = PBXBuildFile; fileRef = 817995851CE139700084DA37 /* SRDelegateController.m */; };
		8179958C1CE139700084DA37 /* SRDelegateController.m in Sources */ = {isa = PBXBuildFile; fileRef = 817995851CE139700084DA37 /* SRDelegateController.m */; };
		8179958D1CE139700084DA37 /* SRDelegateController.m in Sources */ = {isa = PBXBuildFile; fileRef = 817995851CE139700084DA37 /* SRDelegateController.m */; };
		817996801CE184F40084DA37 /* SRAutobahnUtilities.m in Sources */ = {isa = PBXBuildFile; fileRef = 8179967F1CE184F40084DA37 /* SRAutobahnUtilities.m */; };
		8186892F1D08EF3C004F94C8 /* SRSecurityOptions.h in Headers */ = {isa = PBXBuildFile; fileRef = 8186892D1D08EF3C004F94C8 /* SRSecurityOptions.h */; };
		818689301D08EF3C004F94C8 /* SRSecurityOptions.h in Headers */ = {isa = PBXBuildFile; fileRef = 8186892D1D08EF3C004F94C8 /* SRSecurityOptions.h */; };
		818689311D08EF3C004F94C8 /* SRSecurityOptions.h in Headers */ = {isa = PBXBuildFile; fileRef = 8186892D1D08EF3C004F94C8 /* SRSecurityOptions.h */; };
		818689321D08EF3C004F94C8 /* SRSecurityOptions.h in Headers */ = {isa = PBXBuildFile; fileRef = 8186892D1D08EF3C004F94C8 /* SRSecurityOptions.h */; };
		818689331D08EF3C004F94C8 /* SRSecurityOptions.m in Sources */ = {isa = PBXBuildFile; fileRef = 8186892E1D08EF3C004F94C8 /* SRSecurityOptions.m */; };
		818689341D08EF3C004F94C8 /* SRSecurityOptions.m in Sources */ = {isa = PBXBuildFile; fileRef = 8186892E1D08EF3C004F94C8 /* SRSecurityOptions.m */; };
		818689351D08EF3C004F94C8 /* SRSecurityOptions.m in Sources */ = {isa = PBXBuildFile; fileRef = 8186892E1D08EF3C004F94C8 /* SRSecurityOptions.m */; };
		818689361D08EF3C004F94C8 /* SRSecurityOptions.m in Sources */ = {isa = PBXBuildFile; fileRef = 8186892E1D08EF3C004F94C8 /* SRSecurityOptions.m */; };
		81B22EC51CE42D7E0073C636 /* SRError.h in Headers */ = {isa = PBXBuildFile; fileRef = 81B22EC31CE42D7E0073C636 /* SRError.h */; };
		81B22EC61CE42D7E0073C636 /* SRError.h in Headers */ = {isa = PBXBuildFile; fileRef = 81B22EC31CE42D7E0073C636 /* SRError.h */; };
		81B22EC71CE42D7E0073C636 /* SRError.h in Headers */ = {isa = PBXBuildFile; fileRef = 81B22EC31CE42D7E0073C636 /* SRError.h */; };
		81B22EC81CE42D7E0073C636 /* SRError.h in Headers */ = {isa = PBXBuildFile; fileRef = 81B22EC31CE42D7E0073C636 /* SRError.h */; };
		81B22EC91CE42D7E0073C636 /* SRError.m in Sources */ = {isa = PBXBuildFile; fileRef = 81B22EC41CE42D7E0073C636 /* SRError.m */; };
		81B22ECA1CE42D7E0073C636 /* SRError.m in Sources */ = {isa = PBXBuildFile; fileRef = 81B22EC41CE42D7E0073C636 /* SRError.m */; };
		81B22ECB1CE42D7E0073C636 /* SRError.m in Sources */ = {isa = PBXBuildFile; fileRef = 81B22EC41CE42D7E0073C636 /* SRError.m */; };
		81B22ECC1CE42D7E0073C636 /* SRError.m in Sources */ = {isa = PBXBuildFile; fileRef = 81B22EC41CE42D7E0073C636 /* SRError.m */; };
		81B22EE41CE43ECC0073C636 /* SRURLUtilities.h in Headers */ = {isa = PBXBuildFile; fileRef = 81B22EE21CE43ECC0073C636 /* SRURLUtilities.h */; };
		81B22EE51CE43ECC0073C636 /* SRURLUtilities.h in Headers */ = {isa = PBXBuildFile; fileRef = 81B22EE21CE43ECC0073C636 /* SRURLUtilities.h */; };
		81B22EE61CE43ECC0073C636 /* SRURLUtilities.h in Headers */ = {isa = PBXBuildFile; fileRef = 81B22EE21CE43ECC0073C636 /* SRURLUtilities.h */; };
		81B22EE71CE43ECC0073C636 /* SRURLUtilities.h in Headers */ = {isa = PBXBuildFile; fileRef = 81B22EE21CE43ECC0073C636 /* SRURLUtilities.h */; };
		81B22EE81CE43ECC0073C636 /* SRURLUtilities.m in Sources */ = {isa = PBXBuildFile; fileRef = 81B22EE31CE43ECC0073C636 /* SRURLUtilities.m */; };
		81B22EE91CE43ECC0073C636 /* SRURLUtilities.m in Sources */ = {isa = PBXBuildFile; fileRef = 81B22EE31CE43ECC0073C636 /* SRURLUtilities.m */; };
		81B22EEA1CE43ECC0073C636 /* SRURLUtilities.m in Sources */ = {isa = PBXBuildFile; fileRef = 81B22EE31CE43ECC0073C636 /* SRURLUtilities.m */; };
		81B22EEB1CE43ECC0073C636 /* SRURLUtilities.m in Sources */ = {isa = PBXBuildFile; fileRef = 81B22EE31CE43ECC0073C636 /* SRURLUtilities.m */; };
		81B31C141CDC404100D86D43 /* SRIOConsumer.h in Headers */ = {isa = PBXBuildFile; fileRef = 81B31C0F1CDC404100D86D43 /* SRIOConsumer.h */; };
		81B31C151CDC404100D86D43 /* SRIOConsumer.h in Headers */ = {isa = PBXBuildFile; fileRef = 81B31C0F1CDC404100D86D43 /* SRIOConsumer.h */; };
		81B31C161CDC404100D86D43 /* SRIOConsumer.h in Headers */ = {isa = PBXBuildFile; fileRef = 81B31C0F1CDC404100D86D43 /* SRIOConsumer.h */; };
		81B31C171CDC404100D86D43 /* SRIOConsumer.h in Headers */ = {isa = PBXBuildFile; fileRef = 81B31C0F1CDC404100D86D43 /* SRIOConsumer.h */; };
		81B31C181CDC404100D86D43 /* SRIOConsumer.m in Sources */ = {isa = PBXBuildFile; fileRef = 81B31C101CDC404100D86D43 /* SRIOConsumer.m */; };
		81B31C191CDC404100D86D43 /* SRIOConsumer.m in Sources */ = {isa = PBXBuildFile; fileRef = 81B31C101CDC404100D86D43 /* SRIOConsumer.m */; };
		81B31C1A1CDC404100D86D43 /* SRIOConsumer.m in Sources */ = {isa = PBXBuildFile; fileRef = 81B31C101CDC404100D86D43 /* SRIOConsumer.m */; };
		81B31C1B1CDC404100D86D43 /* SRIOConsumer.m in Sources */ = {isa = PBXBuildFile; fileRef = 81B31C101CDC404100D86D43 /* SRIOConsumer.m */; };
		81B31C1C1CDC404100D86D43 /* SRIOConsumerPool.h in Headers */ = {isa = PBXBuildFile; fileRef = 81B31C111CDC404100D86D43 /* SRIOConsumerPool.h */; };
		81B31C1D1CDC404100D86D43 /* SRIOConsumerPool.h in Headers */ = {isa = PBXBuildFile; fileRef = 81B31C111CDC404100D86D43 /* SRIOConsumerPool.h */; };
		81B31C1E1CDC404100D86D43 /* SRIOConsumerPool.h in Headers */ = {isa = PBXBuildFile; fileRef = 81B31C111CDC404100D86D43 /* SRIOConsumerPool.h */; };
		81B31C1F1CDC404100D86D43 /* SRIOConsumerPool.h in Headers */ = {isa = PBXBuildFile; fileRef = 81B31C111CDC404100D86D43 /* SRIOConsumerPool.h */; };
		81B31C201CDC404100D86D43 /* SRIOConsumerPool.m in Sources */ = {isa = PBXBuildFile; fileRef = 81B31C121CDC404100D86D43 /* SRIOConsumerPool.m */; };
		81B31C211CDC404100D86D43 /* SRIOConsumerPool.m in Sources */ = {isa = PBXBuildFile; fileRef = 81B31C121CDC404100D86D43 /* SRIOConsumerPool.m */; };
		81B31C221CDC404100D86D43 /* SRIOConsumerPool.m in Sources */ = {isa = PBXBuildFile; fileRef = 81B31C121CDC404100D86D43 /* SRIOConsumerPool.m */; };
		81B31C231CDC404100D86D43 /* SRIOConsumerPool.m in Sources */ = {isa = PBXBuildFile; fileRef = 81B31C121CDC404100D86D43 /* SRIOConsumerPool.m */; };
		81B31C2D1CDC406B00D86D43 /* SRHash.h in Headers */ = {isa = PBXBuildFile; fileRef = 81B31C2B1CDC406B00D86D43 /* SRHash.h */; };
		81B31C2E1CDC406B00D86D43 /* SRHash.h in Headers */ = {isa = PBXBuildFile; fileRef = 81B31C2B1CDC406B00D86D43 /* SRHash.h */; };
		81B31C2F1CDC406B00D86D43 /* SRHash.h in Headers */ = {isa = PBXBuildFile; fileRef = 81B31C2B1CDC406B00D86D43 /* SRHash.h */; };
		81B31C301CDC406B00D86D43 /* SRHash.h in Headers */ = {isa = PBXBuildFile; fileRef = 81B31C2B1CDC406B00D86D43 /* SRHash.h */; };
		81B31C311CDC406B00D86D43 /* SRHash.m in Sources */ = {isa = PBXBuildFile; fileRef = 81B31C2C1CDC406B00D86D43 /* SRHash.m */; };
		81B31C321CDC406B00D86D43 /* SRHash.m in Sources */ = {isa = PBXBuildFile; fileRef = 81B31C2C1CDC406B00D86D43 /* SRHash.m */; };
		81B31C331CDC406B00D86D43 /* SRHash.m in Sources */ = {isa = PBXBuildFile; fileRef = 81B31C2C1CDC406B00D86D43 /* SRHash.m */; };
		81B31C341CDC406B00D86D43 /* SRHash.m in Sources */ = {isa = PBXBuildFile; fileRef = 81B31C2C1CDC406B00D86D43 /* SRHash.m */; };
		81B31C5F1CDC444900D86D43 /* SRRunLoopThread.h in Headers */ = {isa = PBXBuildFile; fileRef = 81B31C5D1CDC444900D86D43 /* SRRunLoopThread.h */; };
		81B31C601CDC444900D86D43 /* SRRunLoopThread.h in Headers */ = {isa = PBXBuildFile; fileRef = 81B31C5D1CDC444900D86D43 /* SRRunLoopThread.h */; };
		81B31C611CDC444900D86D43 /* SRRunLoopThread.h in Headers */ = {isa = PBXBuildFile; fileRef = 81B31C5D1CDC444900D86D43 /* SRRunLoopThread.h */; };
		81B31C621CDC444900D86D43 /* SRRunLoopThread.h in Headers */ = {isa = PBXBuildFile; fileRef = 81B31C5D1CDC444900D86D43 /* SRRunLoopThread.h */; };
		81B31C631CDC444900D86D43 /* SRRunLoopThread.m in Sources */ = {isa = PBXBuildFile; fileRef = 81B31C5E1CDC444900D86D43 /* SRRunLoopThread.m */; };
		81B31C641CDC444900D86D43 /* SRRunLoopThread.m in Sources */ = {isa = PBXBuildFile; fileRef = 81B31C5E1CDC444900D86D43 /* SRRunLoopThread.m */; };
		81B31C651CDC444900D86D43 /* SRRunLoopThread.m in Sources */ = {isa = PBXBuildFile; fileRef = 81B31C5E1CDC444900D86D43 /* SRRunLoopThread.m */; };
		81B31C661CDC444900D86D43 /* SRRunLoopThread.m in Sources */ = {isa = PBXBuildFile; fileRef = 81B31C5E1CDC444900D86D43 /* SRRunLoopThread.m */; };
		81C22BC21D124168007BFDDF /* SRHTTPConnectMessage.h in Headers */ = {isa = PBXBuildFile; fileRef = 81C22BC01D124168007BFDDF /* SRHTTPConnectMessage.h */; };
		81C22BC31D124168007BFDDF /* SRHTTPConnectMessage.h in Headers */ = {isa = PBXBuildFile; fileRef = 81C22BC01D124168007BFDDF /* SRHTTPConnectMessage.h */; };
		81C22BC41D124168007BFDDF /* SRHTTPConnectMessage.h in Headers */ = {isa = PBXBuildFile; fileRef = 81C22BC01D124168007BFDDF /* SRHTTPConnectMessage.h */; };
		81C22BC51D124168007BFDDF /* SRHTTPConnectMessage.h in Headers */ = {isa = PBXBuildFile; fileRef = 81C22BC01D124168007BFDDF /* SRHTTPConnectMessage.h */; };
		81C22BC61D124168007BFDDF /* SRHTTPConnectMessage.m in Sources */ = {isa = PBXBuildFile; fileRef = 81C22BC11D124168007BFDDF /* SRHTTPConnectMessage.m */; };
		81C22BC71D124168007BFDDF /* SRHTTPConnectMessage.m in Sources */ = {isa = PBXBuildFile; fileRef = 81C22BC11D124168007BFDDF /* SRHTTPConnectMessage.m */; };
		81C22BC81D124168007BFDDF /* SRHTTPConnectMessage.m in Sources */ = {isa = PBXBuildFile; fileRef = 81C22BC11D124168007BFDDF /* SRHTTPConnectMessage.m */; };
		81C22BC91D124168007BFDDF /* SRHTTPConnectMessage.m in Sources */ = {isa = PBXBuildFile; fileRef = 81C22BC11D124168007BFDDF /* SRHTTPConnectMessage.m */; };
		81CD05D71CEEC47300497F47 /* NSURLRequest+SRWebSocket.h in Headers */ = {isa = PBXBuildFile; fileRef = 81CD05D51CEEC47300497F47 /* NSURLRequest+SRWebSocket.h */; settings = {ATTRIBUTES = (Public, ); }; };
		81CD05D81CEEC47300497F47 /* NSURLRequest+SRWebSocket.h in Headers */ = {isa = PBXBuildFile; fileRef = 81CD05D51CEEC47300497F47 /* NSURLRequest+SRWebSocket.h */; settings = {ATTRIBUTES = (Public, ); }; };
		81CD05D91CEEC47300497F47 /* NSURLRequest+SRWebSocket.h in Headers */ = {isa = PBXBuildFile; fileRef = 81CD05D51CEEC47300497F47 /* NSURLRequest+SRWebSocket.h */; settings = {ATTRIBUTES = (Public, ); }; };
		81CD05DA1CEEC47300497F47 /* NSURLRequest+SRWebSocket.h in Headers */ = {isa = PBXBuildFile; fileRef = 81CD05D51CEEC47300497F47 /* NSURLRequest+SRWebSocket.h */; settings = {ATTRIBUTES = (Public, ); }; };
		81CD05DB1CEEC47300497F47 /* NSURLRequest+SRWebSocket.m in Sources */ = {isa = PBXBuildFile; fileRef = 81CD05D61CEEC47300497F47 /* NSURLRequest+SRWebSocket.m */; };
		81CD05DC1CEEC47300497F47 /* NSURLRequest+SRWebSocket.m in Sources */ = {isa = PBXBuildFile; fileRef = 81CD05D61CEEC47300497F47 /* NSURLRequest+SRWebSocket.m */; };
		81CD05DD1CEEC47300497F47 /* NSURLRequest+SRWebSocket.m in Sources */ = {isa = PBXBuildFile; fileRef = 81CD05D61CEEC47300497F47 /* NSURLRequest+SRWebSocket.m */; };
		81CD05DE1CEEC47300497F47 /* NSURLRequest+SRWebSocket.m in Sources */ = {isa = PBXBuildFile; fileRef = 81CD05D61CEEC47300497F47 /* NSURLRequest+SRWebSocket.m */; };
		81CD05FD1CEEC65D00497F47 /* NSRunLoop+SRWebSocket.h in Headers */ = {isa = PBXBuildFile; fileRef = 81CD05FB1CEEC65D00497F47 /* NSRunLoop+SRWebSocket.h */; settings = {ATTRIBUTES = (Public, ); }; };
		81CD05FE1CEEC65D00497F47 /* NSRunLoop+SRWebSocket.h in Headers */ = {isa = PBXBuildFile; fileRef = 81CD05FB1CEEC65D00497F47 /* NSRunLoop+SRWebSocket.h */; settings = {ATTRIBUTES = (Public, ); }; };
		81CD05FF1CEEC65D00497F47 /* NSRunLoop+SRWebSocket.h in Headers */ = {isa = PBXBuildFile; fileRef = 81CD05FB1CEEC65D00497F47 /* NSRunLoop+SRWebSocket.h */; settings = {ATTRIBUTES = (Public, ); }; };
		81CD06001CEEC65D00497F47 /* NSRunLoop+SRWebSocket.h in Headers */ = {isa = PBXBuildFile; fileRef = 81CD05FB1CEEC65D00497F47 /* NSRunLoop+SRWebSocket.h */; settings = {ATTRIBUTES = (Public, ); }; };
		81CD06011CEEC65D00497F47 /* NSRunLoop+SRWebSocket.m in Sources */ = {isa = PBXBuildFile; fileRef = 81CD05FC1CEEC65D00497F47 /* NSRunLoop+SRWebSocket.m */; };
		81CD06021CEEC65D00497F47 /* NSRunLoop+SRWebSocket.m in Sources */ = {isa = PBXBuildFile; fileRef = 81CD05FC1CEEC65D00497F47 /* NSRunLoop+SRWebSocket.m */; };
		81CD06031CEEC65D00497F47 /* NSRunLoop+SRWebSocket.m in Sources */ = {isa = PBXBuildFile; fileRef = 81CD05FC1CEEC65D00497F47 /* NSRunLoop+SRWebSocket.m */; };
		81CD06041CEEC65D00497F47 /* NSRunLoop+SRWebSocket.m in Sources */ = {isa = PBXBuildFile; fileRef = 81CD05FC1CEEC65D00497F47 /* NSRunLoop+SRWebSocket.m */; };
		F6016C8814620EC70037BB3D /* Security.framework in Frameworks */ = {isa = PBXBuildFile; fileRef = F6A12CD3145122FC00C1D980 /* Security.framework */; };
		F6016C8914620ECC0037BB3D /* Security.framework in Frameworks */ = {isa = PBXBuildFile; fileRef = F6A12CD3145122FC00C1D980 /* Security.framework */; };
		F6016C8A1462143C0037BB3D /* CFNetwork.framework in Frameworks */ = {isa = PBXBuildFile; fileRef = F6A12CD51451231B00C1D980 /* CFNetwork.framework */; };
		F61A0DC81625F44D00365EBD /* Default-568h@2x.png in Resources */ = {isa = PBXBuildFile; fileRef = F61A0DC71625F44D00365EBD /* Default-568h@2x.png */; };
		F62417E614D52F3C003CE997 /* UIKit.framework in Frameworks */ = {isa = PBXBuildFile; fileRef = F62417E514D52F3C003CE997 /* UIKit.framework */; };
		F62417E714D52F3C003CE997 /* Foundation.framework in Frameworks */ = {isa = PBXBuildFile; fileRef = F6B208301450F597009315AF /* Foundation.framework */; };
		F62417E914D52F3C003CE997 /* CoreGraphics.framework in Frameworks */ = {isa = PBXBuildFile; fileRef = F62417E814D52F3C003CE997 /* CoreGraphics.framework */; };
		F62417EF14D52F3C003CE997 /* InfoPlist.strings in Resources */ = {isa = PBXBuildFile; fileRef = F62417ED14D52F3C003CE997 /* InfoPlist.strings */; };
		F62417F114D52F3C003CE997 /* main.m in Sources */ = {isa = PBXBuildFile; fileRef = F62417F014D52F3C003CE997 /* main.m */; };
		F62417F514D52F3C003CE997 /* TCAppDelegate.m in Sources */ = {isa = PBXBuildFile; fileRef = F62417F414D52F3C003CE997 /* TCAppDelegate.m */; };
		F62417F814D52F3C003CE997 /* MainStoryboard.storyboard in Resources */ = {isa = PBXBuildFile; fileRef = F62417F614D52F3C003CE997 /* MainStoryboard.storyboard */; };
		F62417FB14D52F3C003CE997 /* TCViewController.m in Sources */ = {isa = PBXBuildFile; fileRef = F62417FA14D52F3C003CE997 /* TCViewController.m */; };
		F624180114D5300C003CE997 /* TCChatCell.m in Sources */ = {isa = PBXBuildFile; fileRef = F624180014D5300C003CE997 /* TCChatCell.m */; };
		F624180214D532E0003CE997 /* libSocketRocket.a in Frameworks */ = {isa = PBXBuildFile; fileRef = F6B2082D1450F597009315AF /* libSocketRocket.a */; };
		F624180314D53449003CE997 /* CFNetwork.framework in Frameworks */ = {isa = PBXBuildFile; fileRef = F6A12CD51451231B00C1D980 /* CFNetwork.framework */; };
		F624180414D53449003CE997 /* Security.framework in Frameworks */ = {isa = PBXBuildFile; fileRef = F6A12CD3145122FC00C1D980 /* Security.framework */; };
		F624180614D53451003CE997 /* libicucore.dylib in Frameworks */ = {isa = PBXBuildFile; fileRef = F6C41C95145F7C4700641356 /* libicucore.dylib */; };
		F6396B86153E67EC00345B5E /* SRWebSocket.m in Sources */ = {isa = PBXBuildFile; fileRef = F6A12CD0145119B700C1D980 /* SRWebSocket.m */; };
		F668C899153E923C0044DBAC /* CoreServices.framework in Frameworks */ = {isa = PBXBuildFile; fileRef = F6396BA4153E6D7400345B5E /* CoreServices.framework */; };
		F668C89A153E923C0044DBAC /* Foundation.framework in Frameworks */ = {isa = PBXBuildFile; fileRef = F6396BA1153E6D4800345B5E /* Foundation.framework */; };
		F668C89B153E923C0044DBAC /* Security.framework in Frameworks */ = {isa = PBXBuildFile; fileRef = F6396B9F153E6D3700345B5E /* Security.framework */; };
		F668C8AA153E92F90044DBAC /* SRWebSocket.h in Headers */ = {isa = PBXBuildFile; fileRef = F6A12CCF145119B700C1D980 /* SRWebSocket.h */; settings = {ATTRIBUTES = (Public, ); }; };
		F6A12CD1145119B700C1D980 /* SRWebSocket.h in Headers */ = {isa = PBXBuildFile; fileRef = F6A12CCF145119B700C1D980 /* SRWebSocket.h */; settings = {ATTRIBUTES = (Public, ); }; };
		F6A12CD2145119B700C1D980 /* SRWebSocket.m in Sources */ = {isa = PBXBuildFile; fileRef = F6A12CD0145119B700C1D980 /* SRWebSocket.m */; };
		F6AE451D145906A70022AF3C /* libSocketRocket.a in Frameworks */ = {isa = PBXBuildFile; fileRef = F6B2082D1450F597009315AF /* libSocketRocket.a */; };
		F6AE4520145906B20022AF3C /* Foundation.framework in Frameworks */ = {isa = PBXBuildFile; fileRef = F6B208301450F597009315AF /* Foundation.framework */; };
		F6AE45241459071C0022AF3C /* CFNetwork.framework in Frameworks */ = {isa = PBXBuildFile; fileRef = F6A12CD51451231B00C1D980 /* CFNetwork.framework */; };
		F6BDA806145900D200FE3253 /* Foundation.framework in Frameworks */ = {isa = PBXBuildFile; fileRef = F6B208301450F597009315AF /* Foundation.framework */; };
		F6C41C98145F7C6100641356 /* libicucore.dylib in Frameworks */ = {isa = PBXBuildFile; fileRef = F6C41C95145F7C4700641356 /* libicucore.dylib */; };
/* End PBXBuildFile section */

/* Begin PBXContainerItemProxy section */
		F62417D514D50869003CE997 /* PBXContainerItemProxy */ = {
			isa = PBXContainerItemProxy;
			containerPortal = F6B208241450F597009315AF /* Project object */;
			proxyType = 1;
			remoteGlobalIDString = F6B2082C1450F597009315AF;
			remoteInfo = SocketRocket;
		};
/* End PBXContainerItemProxy section */

/* Begin PBXFileReference section */
		2D4227621BB4358C000C1A6C /* SocketRocket.framework */ = {isa = PBXFileReference; explicitFileType = wrapper.framework; includeInIndex = 0; path = SocketRocket.framework; sourceTree = BUILT_PRODUCTS_DIR; };
		3345DC901C52ACD70083CCB8 /* SocketRocket.framework */ = {isa = PBXFileReference; explicitFileType = wrapper.framework; includeInIndex = 0; path = SocketRocket.framework; sourceTree = BUILT_PRODUCTS_DIR; };
		4861E7731D022211002FAB1D /* SRProxyConnect.h */ = {isa = PBXFileReference; fileEncoding = 4; lastKnownFileType = sourcecode.c.h; path = SRProxyConnect.h; sourceTree = "<group>"; };
		4861E7741D022211002FAB1D /* SRProxyConnect.m */ = {isa = PBXFileReference; fileEncoding = 4; lastKnownFileType = sourcecode.c.objc; path = SRProxyConnect.m; sourceTree = "<group>"; };
		555E0EB11C51E56D00E6BB92 /* SocketRocket.h */ = {isa = PBXFileReference; fileEncoding = 4; lastKnownFileType = sourcecode.c.h; path = SocketRocket.h; sourceTree = "<group>"; };
		8105E4761CDD679A00AA12DB /* SRTWebSocketOperation.h */ = {isa = PBXFileReference; lastKnownFileType = sourcecode.c.h; path = SRTWebSocketOperation.h; sourceTree = "<group>"; };
		8105E4771CDD679A00AA12DB /* SRTWebSocketOperation.m */ = {isa = PBXFileReference; lastKnownFileType = sourcecode.c.objc; path = SRTWebSocketOperation.m; sourceTree = "<group>"; };
		8105E4791CDD679A00AA12DB /* SRWebSocketTests-Info.plist */ = {isa = PBXFileReference; lastKnownFileType = text.plist.xml; path = "SRWebSocketTests-Info.plist"; sourceTree = "<group>"; };
		8105E47A1CDD679A00AA12DB /* SRAutobahnTests.m */ = {isa = PBXFileReference; lastKnownFileType = sourcecode.c.objc; path = SRAutobahnTests.m; sourceTree = "<group>"; };
		8105E4AC1CDD6E6200AA12DB /* SRAutobahnOperation.h */ = {isa = PBXFileReference; fileEncoding = 4; lastKnownFileType = sourcecode.c.h; path = SRAutobahnOperation.h; sourceTree = "<group>"; };
		8105E4AD1CDD6E6200AA12DB /* SRAutobahnOperation.m */ = {isa = PBXFileReference; fileEncoding = 4; lastKnownFileType = sourcecode.c.objc; path = SRAutobahnOperation.m; sourceTree = "<group>"; };
		8105E5271CDD98E100AA12DB /* autobahn_configuration.json */ = {isa = PBXFileReference; fileEncoding = 4; lastKnownFileType = text.json; path = autobahn_configuration.json; sourceTree = "<group>"; };
		811934B11CDAF711003AB243 /* Info.plist */ = {isa = PBXFileReference; lastKnownFileType = text.plist.xml; path = Info.plist; sourceTree = "<group>"; };
		817995841CE139700084DA37 /* SRDelegateController.h */ = {isa = PBXFileReference; fileEncoding = 4; lastKnownFileType = sourcecode.c.h; path = SRDelegateController.h; sourceTree = "<group>"; };
		817995851CE139700084DA37 /* SRDelegateController.m */ = {isa = PBXFileReference; fileEncoding = 4; lastKnownFileType = sourcecode.c.objc; path = SRDelegateController.m; sourceTree = "<group>"; };
		8179967E1CE184F40084DA37 /* SRAutobahnUtilities.h */ = {isa = PBXFileReference; fileEncoding = 4; lastKnownFileType = sourcecode.c.h; path = SRAutobahnUtilities.h; sourceTree = "<group>"; };
		8179967F1CE184F40084DA37 /* SRAutobahnUtilities.m */ = {isa = PBXFileReference; fileEncoding = 4; lastKnownFileType = sourcecode.c.objc; path = SRAutobahnUtilities.m; sourceTree = "<group>"; };
		8186892D1D08EF3C004F94C8 /* SRSecurityOptions.h */ = {isa = PBXFileReference; fileEncoding = 4; lastKnownFileType = sourcecode.c.h; path = SRSecurityOptions.h; sourceTree = "<group>"; };
		8186892E1D08EF3C004F94C8 /* SRSecurityOptions.m */ = {isa = PBXFileReference; fileEncoding = 4; lastKnownFileType = sourcecode.c.objc; path = SRSecurityOptions.m; sourceTree = "<group>"; };
		81B22EC31CE42D7E0073C636 /* SRError.h */ = {isa = PBXFileReference; fileEncoding = 4; lastKnownFileType = sourcecode.c.h; path = SRError.h; sourceTree = "<group>"; };
		81B22EC41CE42D7E0073C636 /* SRError.m */ = {isa = PBXFileReference; fileEncoding = 4; lastKnownFileType = sourcecode.c.objc; path = SRError.m; sourceTree = "<group>"; };
		81B22EE21CE43ECC0073C636 /* SRURLUtilities.h */ = {isa = PBXFileReference; fileEncoding = 4; lastKnownFileType = sourcecode.c.h; path = SRURLUtilities.h; sourceTree = "<group>"; };
		81B22EE31CE43ECC0073C636 /* SRURLUtilities.m */ = {isa = PBXFileReference; fileEncoding = 4; lastKnownFileType = sourcecode.c.objc; path = SRURLUtilities.m; sourceTree = "<group>"; };
		81B31C0F1CDC404100D86D43 /* SRIOConsumer.h */ = {isa = PBXFileReference; fileEncoding = 4; lastKnownFileType = sourcecode.c.h; path = SRIOConsumer.h; sourceTree = "<group>"; };
		81B31C101CDC404100D86D43 /* SRIOConsumer.m */ = {isa = PBXFileReference; fileEncoding = 4; lastKnownFileType = sourcecode.c.objc; path = SRIOConsumer.m; sourceTree = "<group>"; };
		81B31C111CDC404100D86D43 /* SRIOConsumerPool.h */ = {isa = PBXFileReference; fileEncoding = 4; lastKnownFileType = sourcecode.c.h; path = SRIOConsumerPool.h; sourceTree = "<group>"; };
		81B31C121CDC404100D86D43 /* SRIOConsumerPool.m */ = {isa = PBXFileReference; fileEncoding = 4; lastKnownFileType = sourcecode.c.objc; path = SRIOConsumerPool.m; sourceTree = "<group>"; };
		81B31C2B1CDC406B00D86D43 /* SRHash.h */ = {isa = PBXFileReference; fileEncoding = 4; lastKnownFileType = sourcecode.c.h; path = SRHash.h; sourceTree = "<group>"; };
		81B31C2C1CDC406B00D86D43 /* SRHash.m */ = {isa = PBXFileReference; fileEncoding = 4; lastKnownFileType = sourcecode.c.objc; path = SRHash.m; sourceTree = "<group>"; };
		81B31C5D1CDC444900D86D43 /* SRRunLoopThread.h */ = {isa = PBXFileReference; fileEncoding = 4; lastKnownFileType = sourcecode.c.h; path = SRRunLoopThread.h; sourceTree = "<group>"; };
		81B31C5E1CDC444900D86D43 /* SRRunLoopThread.m */ = {isa = PBXFileReference; fileEncoding = 4; lastKnownFileType = sourcecode.c.objc; path = SRRunLoopThread.m; sourceTree = "<group>"; };
		81C22BC01D124168007BFDDF /* SRHTTPConnectMessage.h */ = {isa = PBXFileReference; fileEncoding = 4; lastKnownFileType = sourcecode.c.h; path = SRHTTPConnectMessage.h; sourceTree = "<group>"; };
		81C22BC11D124168007BFDDF /* SRHTTPConnectMessage.m */ = {isa = PBXFileReference; fileEncoding = 4; lastKnownFileType = sourcecode.c.objc; path = SRHTTPConnectMessage.m; sourceTree = "<group>"; };
		81CD05D51CEEC47300497F47 /* NSURLRequest+SRWebSocket.h */ = {isa = PBXFileReference; fileEncoding = 4; lastKnownFileType = sourcecode.c.h; path = "NSURLRequest+SRWebSocket.h"; sourceTree = "<group>"; };
		81CD05D61CEEC47300497F47 /* NSURLRequest+SRWebSocket.m */ = {isa = PBXFileReference; fileEncoding = 4; lastKnownFileType = sourcecode.c.objc; path = "NSURLRequest+SRWebSocket.m"; sourceTree = "<group>"; };
		81CD05FB1CEEC65D00497F47 /* NSRunLoop+SRWebSocket.h */ = {isa = PBXFileReference; fileEncoding = 4; lastKnownFileType = sourcecode.c.h; path = "NSRunLoop+SRWebSocket.h"; sourceTree = "<group>"; };
		81CD05FC1CEEC65D00497F47 /* NSRunLoop+SRWebSocket.m */ = {isa = PBXFileReference; fileEncoding = 4; lastKnownFileType = sourcecode.c.objc; path = "NSRunLoop+SRWebSocket.m"; sourceTree = "<group>"; };
		F61A0DC71625F44D00365EBD /* Default-568h@2x.png */ = {isa = PBXFileReference; lastKnownFileType = image.png; name = "Default-568h@2x.png"; path = "en.lproj/Default-568h@2x.png"; sourceTree = "<group>"; };
		F62417E314D52F3C003CE997 /* TestChat.app */ = {isa = PBXFileReference; explicitFileType = wrapper.application; includeInIndex = 0; path = TestChat.app; sourceTree = BUILT_PRODUCTS_DIR; };
		F62417E514D52F3C003CE997 /* UIKit.framework */ = {isa = PBXFileReference; lastKnownFileType = wrapper.framework; name = UIKit.framework; path = System/Library/Frameworks/UIKit.framework; sourceTree = SDKROOT; };
		F62417E814D52F3C003CE997 /* CoreGraphics.framework */ = {isa = PBXFileReference; lastKnownFileType = wrapper.framework; name = CoreGraphics.framework; path = System/Library/Frameworks/CoreGraphics.framework; sourceTree = SDKROOT; };
		F62417EC14D52F3C003CE997 /* TestChat-Info.plist */ = {isa = PBXFileReference; lastKnownFileType = text.plist.xml; path = "TestChat-Info.plist"; sourceTree = "<group>"; };
		F62417EE14D52F3C003CE997 /* en */ = {isa = PBXFileReference; lastKnownFileType = text.plist.strings; name = en; path = en.lproj/InfoPlist.strings; sourceTree = "<group>"; };
		F62417F014D52F3C003CE997 /* main.m */ = {isa = PBXFileReference; lastKnownFileType = sourcecode.c.objc; path = main.m; sourceTree = "<group>"; };
		F62417F314D52F3C003CE997 /* TCAppDelegate.h */ = {isa = PBXFileReference; lastKnownFileType = sourcecode.c.h; path = TCAppDelegate.h; sourceTree = "<group>"; };
		F62417F414D52F3C003CE997 /* TCAppDelegate.m */ = {isa = PBXFileReference; lastKnownFileType = sourcecode.c.objc; path = TCAppDelegate.m; sourceTree = "<group>"; };
		F62417F714D52F3C003CE997 /* en */ = {isa = PBXFileReference; lastKnownFileType = file.storyboard; name = en; path = en.lproj/MainStoryboard.storyboard; sourceTree = "<group>"; };
		F62417F914D52F3C003CE997 /* TCViewController.h */ = {isa = PBXFileReference; lastKnownFileType = sourcecode.c.h; path = TCViewController.h; sourceTree = "<group>"; };
		F62417FA14D52F3C003CE997 /* TCViewController.m */ = {isa = PBXFileReference; lastKnownFileType = sourcecode.c.objc; path = TCViewController.m; sourceTree = "<group>"; };
		F62417FF14D5300C003CE997 /* TCChatCell.h */ = {isa = PBXFileReference; fileEncoding = 4; lastKnownFileType = sourcecode.c.h; path = TCChatCell.h; sourceTree = "<group>"; };
		F624180014D5300C003CE997 /* TCChatCell.m */ = {isa = PBXFileReference; fileEncoding = 4; lastKnownFileType = sourcecode.c.objc; path = TCChatCell.m; sourceTree = "<group>"; };
		F6396B9F153E6D3700345B5E /* Security.framework */ = {isa = PBXFileReference; lastKnownFileType = wrapper.framework; name = Security.framework; path = Platforms/MacOSX.platform/Developer/SDKs/MacOSX10.7.sdk/System/Library/Frameworks/Security.framework; sourceTree = DEVELOPER_DIR; };
		F6396BA1153E6D4800345B5E /* Foundation.framework */ = {isa = PBXFileReference; lastKnownFileType = wrapper.framework; name = Foundation.framework; path = Platforms/MacOSX.platform/Developer/SDKs/MacOSX10.7.sdk/System/Library/Frameworks/Foundation.framework; sourceTree = DEVELOPER_DIR; };
		F6396BA4153E6D7400345B5E /* CoreServices.framework */ = {isa = PBXFileReference; lastKnownFileType = wrapper.framework; name = CoreServices.framework; path = Platforms/MacOSX.platform/Developer/SDKs/MacOSX10.7.sdk/System/Library/Frameworks/CoreServices.framework; sourceTree = DEVELOPER_DIR; };
		F668C880153E91210044DBAC /* SocketRocket.framework */ = {isa = PBXFileReference; explicitFileType = wrapper.framework; includeInIndex = 0; path = SocketRocket.framework; sourceTree = BUILT_PRODUCTS_DIR; };
		F668C884153E91210044DBAC /* AppKit.framework */ = {isa = PBXFileReference; lastKnownFileType = wrapper.framework; name = AppKit.framework; path = Library/Frameworks/AppKit.framework; sourceTree = SDKROOT; };
		F668C885153E91210044DBAC /* CoreData.framework */ = {isa = PBXFileReference; lastKnownFileType = wrapper.framework; name = CoreData.framework; path = Library/Frameworks/CoreData.framework; sourceTree = SDKROOT; };
		F668C886153E91210044DBAC /* Foundation.framework */ = {isa = PBXFileReference; lastKnownFileType = wrapper.framework; name = Foundation.framework; path = Library/Frameworks/Foundation.framework; sourceTree = SDKROOT; };
		F6A12CCF145119B700C1D980 /* SRWebSocket.h */ = {isa = PBXFileReference; fileEncoding = 4; lastKnownFileType = sourcecode.c.h; path = SRWebSocket.h; sourceTree = "<group>"; };
		F6A12CD0145119B700C1D980 /* SRWebSocket.m */ = {isa = PBXFileReference; fileEncoding = 4; lastKnownFileType = sourcecode.c.objc; path = SRWebSocket.m; sourceTree = "<group>"; };
		F6A12CD3145122FC00C1D980 /* Security.framework */ = {isa = PBXFileReference; lastKnownFileType = wrapper.framework; name = Security.framework; path = System/Library/Frameworks/Security.framework; sourceTree = SDKROOT; };
		F6A12CD51451231B00C1D980 /* CFNetwork.framework */ = {isa = PBXFileReference; lastKnownFileType = wrapper.framework; name = CFNetwork.framework; path = System/Library/Frameworks/CFNetwork.framework; sourceTree = SDKROOT; };
		F6B2082D1450F597009315AF /* libSocketRocket.a */ = {isa = PBXFileReference; explicitFileType = archive.ar; includeInIndex = 0; path = libSocketRocket.a; sourceTree = BUILT_PRODUCTS_DIR; };
		F6B208301450F597009315AF /* Foundation.framework */ = {isa = PBXFileReference; lastKnownFileType = wrapper.framework; name = Foundation.framework; path = System/Library/Frameworks/Foundation.framework; sourceTree = SDKROOT; };
		F6BDA802145900D200FE3253 /* SRWebSocketTests.xctest */ = {isa = PBXFileReference; explicitFileType = wrapper.cfbundle; includeInIndex = 0; path = SRWebSocketTests.xctest; sourceTree = BUILT_PRODUCTS_DIR; };
		F6C41C95145F7C4700641356 /* libicucore.dylib */ = {isa = PBXFileReference; lastKnownFileType = "compiled.mach-o.dylib"; name = libicucore.dylib; path = usr/lib/libicucore.dylib; sourceTree = SDKROOT; };
/* End PBXFileReference section */

/* Begin PBXFrameworksBuildPhase section */
		2D42275E1BB4358C000C1A6C /* Frameworks */ = {
			isa = PBXFrameworksBuildPhase;
			buildActionMask = 2147483647;
			files = (
				2D8650261BB43B9B00534598 /* libicucore.dylib in Frameworks */,
				2D4227831BB436B1000C1A6C /* Security.framework in Frameworks */,
				2D4227801BB43693000C1A6C /* Foundation.framework in Frameworks */,
			);
			runOnlyForDeploymentPostprocessing = 0;
		};
		3345DC851C52ACD70083CCB8 /* Frameworks */ = {
			isa = PBXFrameworksBuildPhase;
			buildActionMask = 2147483647;
			files = (
				3345DC861C52ACD70083CCB8 /* libicucore.dylib in Frameworks */,
				3345DC871C52ACD70083CCB8 /* Security.framework in Frameworks */,
				3345DC881C52ACD70083CCB8 /* Foundation.framework in Frameworks */,
			);
			runOnlyForDeploymentPostprocessing = 0;
		};
		F62417E014D52F3C003CE997 /* Frameworks */ = {
			isa = PBXFrameworksBuildPhase;
			buildActionMask = 2147483647;
			files = (
				F62417E614D52F3C003CE997 /* UIKit.framework in Frameworks */,
				F62417E714D52F3C003CE997 /* Foundation.framework in Frameworks */,
				F62417E914D52F3C003CE997 /* CoreGraphics.framework in Frameworks */,
				F624180214D532E0003CE997 /* libSocketRocket.a in Frameworks */,
				F624180314D53449003CE997 /* CFNetwork.framework in Frameworks */,
				F624180414D53449003CE997 /* Security.framework in Frameworks */,
				F624180614D53451003CE997 /* libicucore.dylib in Frameworks */,
			);
			runOnlyForDeploymentPostprocessing = 0;
		};
		F668C87C153E91210044DBAC /* Frameworks */ = {
			isa = PBXFrameworksBuildPhase;
			buildActionMask = 2147483647;
			files = (
				F668C899153E923C0044DBAC /* CoreServices.framework in Frameworks */,
				F668C89A153E923C0044DBAC /* Foundation.framework in Frameworks */,
				F668C89B153E923C0044DBAC /* Security.framework in Frameworks */,
			);
			runOnlyForDeploymentPostprocessing = 0;
		};
		F6B2082A1450F597009315AF /* Frameworks */ = {
			isa = PBXFrameworksBuildPhase;
			buildActionMask = 2147483647;
			files = (
				F6AE4520145906B20022AF3C /* Foundation.framework in Frameworks */,
				F6016C8914620ECC0037BB3D /* Security.framework in Frameworks */,
				F6016C8A1462143C0037BB3D /* CFNetwork.framework in Frameworks */,
			);
			runOnlyForDeploymentPostprocessing = 0;
		};
		F6BDA7FE145900D200FE3253 /* Frameworks */ = {
			isa = PBXFrameworksBuildPhase;
			buildActionMask = 2147483647;
			files = (
				F6C41C98145F7C6100641356 /* libicucore.dylib in Frameworks */,
				F6BDA806145900D200FE3253 /* Foundation.framework in Frameworks */,
				F6AE451D145906A70022AF3C /* libSocketRocket.a in Frameworks */,
				F6AE45241459071C0022AF3C /* CFNetwork.framework in Frameworks */,
				F6016C8814620EC70037BB3D /* Security.framework in Frameworks */,
			);
			runOnlyForDeploymentPostprocessing = 0;
		};
/* End PBXFrameworksBuildPhase section */

/* Begin PBXGroup section */
		4861E7721D022211002FAB1D /* Proxy */ = {
			isa = PBXGroup;
			children = (
				4861E7731D022211002FAB1D /* SRProxyConnect.h */,
				4861E7741D022211002FAB1D /* SRProxyConnect.m */,
			);
			path = Proxy;
			sourceTree = "<group>";
		};
		8105E4741CDD679A00AA12DB /* Tests */ = {
			isa = PBXGroup;
			children = (
				8105E47A1CDD679A00AA12DB /* SRAutobahnTests.m */,
				8105E4751CDD679A00AA12DB /* Operations */,
				8105E47C1CDD679A00AA12DB /* Utilities */,
				8105E4781CDD679A00AA12DB /* Resources */,
			);
			path = Tests;
			sourceTree = "<group>";
		};
		8105E4751CDD679A00AA12DB /* Operations */ = {
			isa = PBXGroup;
			children = (
				8105E4761CDD679A00AA12DB /* SRTWebSocketOperation.h */,
				8105E4771CDD679A00AA12DB /* SRTWebSocketOperation.m */,
				8105E4AC1CDD6E6200AA12DB /* SRAutobahnOperation.h */,
				8105E4AD1CDD6E6200AA12DB /* SRAutobahnOperation.m */,
			);
			path = Operations;
			sourceTree = "<group>";
		};
		8105E4781CDD679A00AA12DB /* Resources */ = {
			isa = PBXGroup;
			children = (
				8105E5271CDD98E100AA12DB /* autobahn_configuration.json */,
				8105E4791CDD679A00AA12DB /* SRWebSocketTests-Info.plist */,
			);
			path = Resources;
			sourceTree = "<group>";
		};
		8105E47C1CDD679A00AA12DB /* Utilities */ = {
			isa = PBXGroup;
			children = (
				8179967E1CE184F40084DA37 /* SRAutobahnUtilities.h */,
				8179967F1CE184F40084DA37 /* SRAutobahnUtilities.m */,
			);
			path = Utilities;
			sourceTree = "<group>";
		};
		811934B01CDAF711003AB243 /* Resources */ = {
			isa = PBXGroup;
			children = (
				811934B11CDAF711003AB243 /* Info.plist */,
			);
			path = Resources;
			sourceTree = "<group>";
		};
		817995831CE139540084DA37 /* Delegate */ = {
			isa = PBXGroup;
			children = (
				817995841CE139700084DA37 /* SRDelegateController.h */,
				817995851CE139700084DA37 /* SRDelegateController.m */,
			);
			path = Delegate;
			sourceTree = "<group>";
		};
		8186892C1D08EF3C004F94C8 /* Security */ = {
			isa = PBXGroup;
			children = (
				8186892D1D08EF3C004F94C8 /* SRSecurityOptions.h */,
				8186892E1D08EF3C004F94C8 /* SRSecurityOptions.m */,
			);
			path = Security;
			sourceTree = "<group>";
		};
		81B31C0D1CDC404100D86D43 /* Internal */ = {
			isa = PBXGroup;
			children = (
				8186892C1D08EF3C004F94C8 /* Security */,
				4861E7721D022211002FAB1D /* Proxy */,
				817995831CE139540084DA37 /* Delegate */,
				81B31C0E1CDC404100D86D43 /* IOConsumer */,
				81B31C5C1CDC443A00D86D43 /* RunLoop */,
				81B31C131CDC404100D86D43 /* Utilities */,
			);
			path = Internal;
			sourceTree = "<group>";
		};
		81B31C0E1CDC404100D86D43 /* IOConsumer */ = {
			isa = PBXGroup;
			children = (
				81B31C0F1CDC404100D86D43 /* SRIOConsumer.h */,
				81B31C101CDC404100D86D43 /* SRIOConsumer.m */,
				81B31C111CDC404100D86D43 /* SRIOConsumerPool.h */,
				81B31C121CDC404100D86D43 /* SRIOConsumerPool.m */,
			);
			path = IOConsumer;
			sourceTree = "<group>";
		};
		81B31C131CDC404100D86D43 /* Utilities */ = {
			isa = PBXGroup;
			children = (
				81B31C2B1CDC406B00D86D43 /* SRHash.h */,
				81B31C2C1CDC406B00D86D43 /* SRHash.m */,
				81B22EE21CE43ECC0073C636 /* SRURLUtilities.h */,
				81B22EE31CE43ECC0073C636 /* SRURLUtilities.m */,
				81C22BC01D124168007BFDDF /* SRHTTPConnectMessage.h */,
				81C22BC11D124168007BFDDF /* SRHTTPConnectMessage.m */,
				81B22EC31CE42D7E0073C636 /* SRError.h */,
				81B22EC41CE42D7E0073C636 /* SRError.m */,
			);
			path = Utilities;
			sourceTree = "<group>";
		};
		81B31C5C1CDC443A00D86D43 /* RunLoop */ = {
			isa = PBXGroup;
			children = (
				81B31C5D1CDC444900D86D43 /* SRRunLoopThread.h */,
				81B31C5E1CDC444900D86D43 /* SRRunLoopThread.m */,
			);
			name = RunLoop;
			path = SocketRocket/Internal/RunLoop;
			sourceTree = SOURCE_ROOT;
		};
		F62417EA14D52F3C003CE997 /* TestChat */ = {
			isa = PBXGroup;
			children = (
				F62417EB14D52F3C003CE997 /* Supporting Files */,
				F62417F314D52F3C003CE997 /* TCAppDelegate.h */,
				F62417F414D52F3C003CE997 /* TCAppDelegate.m */,
				F62417F614D52F3C003CE997 /* MainStoryboard.storyboard */,
				F62417F914D52F3C003CE997 /* TCViewController.h */,
				F62417FA14D52F3C003CE997 /* TCViewController.m */,
				F62417FF14D5300C003CE997 /* TCChatCell.h */,
				F624180014D5300C003CE997 /* TCChatCell.m */,
			);
			path = TestChat;
			sourceTree = "<group>";
		};
		F62417EB14D52F3C003CE997 /* Supporting Files */ = {
			isa = PBXGroup;
			children = (
				F61A0DC71625F44D00365EBD /* Default-568h@2x.png */,
				F62417EC14D52F3C003CE997 /* TestChat-Info.plist */,
				F62417ED14D52F3C003CE997 /* InfoPlist.strings */,
				F62417F014D52F3C003CE997 /* main.m */,
			);
			name = "Supporting Files";
			sourceTree = "<group>";
		};
		F6396BA3153E6D4D00345B5E /* OSX Frameworks */ = {
			isa = PBXGroup;
			children = (
				F6396BA4153E6D7400345B5E /* CoreServices.framework */,
				F6396BA1153E6D4800345B5E /* Foundation.framework */,
				F6396B9F153E6D3700345B5E /* Security.framework */,
			);
			name = "OSX Frameworks";
			sourceTree = "<group>";
		};
		F668C883153E91210044DBAC /* Other Frameworks */ = {
			isa = PBXGroup;
			children = (
				F668C884153E91210044DBAC /* AppKit.framework */,
				F668C885153E91210044DBAC /* CoreData.framework */,
				F668C886153E91210044DBAC /* Foundation.framework */,
			);
			name = "Other Frameworks";
			sourceTree = "<group>";
		};
		F6B208221450F597009315AF = {
			isa = PBXGroup;
			children = (
				F6B208321450F597009315AF /* SocketRocket */,
				8105E4741CDD679A00AA12DB /* Tests */,
				F62417EA14D52F3C003CE997 /* TestChat */,
				F6B2082F1450F597009315AF /* Frameworks */,
				F6B2082E1450F597009315AF /* Products */,
			);
			indentWidth = 4;
			sourceTree = "<group>";
			tabWidth = 4;
		};
		F6B2082E1450F597009315AF /* Products */ = {
			isa = PBXGroup;
			children = (
				F6B2082D1450F597009315AF /* libSocketRocket.a */,
				F6BDA802145900D200FE3253 /* SRWebSocketTests.xctest */,
				F62417E314D52F3C003CE997 /* TestChat.app */,
				F668C880153E91210044DBAC /* SocketRocket.framework */,
				2D4227621BB4358C000C1A6C /* SocketRocket.framework */,
				3345DC901C52ACD70083CCB8 /* SocketRocket.framework */,
			);
			name = Products;
			sourceTree = "<group>";
		};
		F6B2082F1450F597009315AF /* Frameworks */ = {
			isa = PBXGroup;
			children = (
				F6396BA3153E6D4D00345B5E /* OSX Frameworks */,
				F6C41C95145F7C4700641356 /* libicucore.dylib */,
				F6A12CD51451231B00C1D980 /* CFNetwork.framework */,
				F6A12CD3145122FC00C1D980 /* Security.framework */,
				F6B208301450F597009315AF /* Foundation.framework */,
				F62417E514D52F3C003CE997 /* UIKit.framework */,
				F62417E814D52F3C003CE997 /* CoreGraphics.framework */,
				F668C883153E91210044DBAC /* Other Frameworks */,
			);
			name = Frameworks;
			sourceTree = "<group>";
		};
		F6B208321450F597009315AF /* SocketRocket */ = {
			isa = PBXGroup;
			children = (
				81B31C0D1CDC404100D86D43 /* Internal */,
				555E0EB11C51E56D00E6BB92 /* SocketRocket.h */,
				F6A12CCF145119B700C1D980 /* SRWebSocket.h */,
				F6A12CD0145119B700C1D980 /* SRWebSocket.m */,
				81CD05D51CEEC47300497F47 /* NSURLRequest+SRWebSocket.h */,
				81CD05D61CEEC47300497F47 /* NSURLRequest+SRWebSocket.m */,
				81CD05FB1CEEC65D00497F47 /* NSRunLoop+SRWebSocket.h */,
				81CD05FC1CEEC65D00497F47 /* NSRunLoop+SRWebSocket.m */,
				811934B01CDAF711003AB243 /* Resources */,
			);
			path = SocketRocket;
			sourceTree = "<group>";
		};
/* End PBXGroup section */

/* Begin PBXHeadersBuildPhase section */
		2D42275F1BB4358C000C1A6C /* Headers */ = {
			isa = PBXHeadersBuildPhase;
			buildActionMask = 2147483647;
			files = (
				81B22EE51CE43ECC0073C636 /* SRURLUtilities.h in Headers */,
				81B31C151CDC404100D86D43 /* SRIOConsumer.h in Headers */,
				81CD05FE1CEEC65D00497F47 /* NSRunLoop+SRWebSocket.h in Headers */,
				81CD05D81CEEC47300497F47 /* NSURLRequest+SRWebSocket.h in Headers */,
				81B31C1D1CDC404100D86D43 /* SRIOConsumerPool.h in Headers */,
				813364001D091E170062E28D /* SRProxyConnect.h in Headers */,
				818689301D08EF3C004F94C8 /* SRSecurityOptions.h in Headers */,
				2D42277F1BB4365C000C1A6C /* SRWebSocket.h in Headers */,
				81B31C2E1CDC406B00D86D43 /* SRHash.h in Headers */,
				811934BE1CDAF725003AB243 /* SocketRocket.h in Headers */,
				81C22BC31D124168007BFDDF /* SRHTTPConnectMessage.h in Headers */,
				817995871CE139700084DA37 /* SRDelegateController.h in Headers */,
				81B22EC61CE42D7E0073C636 /* SRError.h in Headers */,
				81B31C601CDC444900D86D43 /* SRRunLoopThread.h in Headers */,
			);
			runOnlyForDeploymentPostprocessing = 0;
		};
		3345DC891C52ACD70083CCB8 /* Headers */ = {
			isa = PBXHeadersBuildPhase;
			buildActionMask = 2147483647;
			files = (
				81B22EE71CE43ECC0073C636 /* SRURLUtilities.h in Headers */,
				81B31C171CDC404100D86D43 /* SRIOConsumer.h in Headers */,
				81CD06001CEEC65D00497F47 /* NSRunLoop+SRWebSocket.h in Headers */,
				81CD05DA1CEEC47300497F47 /* NSURLRequest+SRWebSocket.h in Headers */,
				81B31C1F1CDC404100D86D43 /* SRIOConsumerPool.h in Headers */,
				813364081D091E180062E28D /* SRProxyConnect.h in Headers */,
				818689321D08EF3C004F94C8 /* SRSecurityOptions.h in Headers */,
				3345DC8A1C52ACD70083CCB8 /* SRWebSocket.h in Headers */,
				81B31C301CDC406B00D86D43 /* SRHash.h in Headers */,
				811934C01CDAF726003AB243 /* SocketRocket.h in Headers */,
				81C22BC51D124168007BFDDF /* SRHTTPConnectMessage.h in Headers */,
				817995891CE139700084DA37 /* SRDelegateController.h in Headers */,
				81B22EC81CE42D7E0073C636 /* SRError.h in Headers */,
				81B31C621CDC444900D86D43 /* SRRunLoopThread.h in Headers */,
			);
			runOnlyForDeploymentPostprocessing = 0;
		};
		F668C87D153E91210044DBAC /* Headers */ = {
			isa = PBXHeadersBuildPhase;
			buildActionMask = 2147483647;
			files = (
				81B22EE61CE43ECC0073C636 /* SRURLUtilities.h in Headers */,
				81B31C161CDC404100D86D43 /* SRIOConsumer.h in Headers */,
				81CD05FF1CEEC65D00497F47 /* NSRunLoop+SRWebSocket.h in Headers */,
				81CD05D91CEEC47300497F47 /* NSURLRequest+SRWebSocket.h in Headers */,
				81B31C1E1CDC404100D86D43 /* SRIOConsumerPool.h in Headers */,
				813364041D091E170062E28D /* SRProxyConnect.h in Headers */,
				818689311D08EF3C004F94C8 /* SRSecurityOptions.h in Headers */,
				F668C8AA153E92F90044DBAC /* SRWebSocket.h in Headers */,
				81B31C2F1CDC406B00D86D43 /* SRHash.h in Headers */,
				811934BC1CDAF725003AB243 /* SocketRocket.h in Headers */,
				81C22BC41D124168007BFDDF /* SRHTTPConnectMessage.h in Headers */,
				817995881CE139700084DA37 /* SRDelegateController.h in Headers */,
				81B22EC71CE42D7E0073C636 /* SRError.h in Headers */,
				81B31C611CDC444900D86D43 /* SRRunLoopThread.h in Headers */,
			);
			runOnlyForDeploymentPostprocessing = 0;
		};
		F6B2082B1450F597009315AF /* Headers */ = {
			isa = PBXHeadersBuildPhase;
			buildActionMask = 2147483647;
			files = (
				81B22EE41CE43ECC0073C636 /* SRURLUtilities.h in Headers */,
				81B31C141CDC404100D86D43 /* SRIOConsumer.h in Headers */,
				81CD05FD1CEEC65D00497F47 /* NSRunLoop+SRWebSocket.h in Headers */,
				81CD05D71CEEC47300497F47 /* NSURLRequest+SRWebSocket.h in Headers */,
				8186892F1D08EF3C004F94C8 /* SRSecurityOptions.h in Headers */,
				81B31C1C1CDC404100D86D43 /* SRIOConsumerPool.h in Headers */,
				F6A12CD1145119B700C1D980 /* SRWebSocket.h in Headers */,
				81B31C2D1CDC406B00D86D43 /* SRHash.h in Headers */,
				4861E7751D022211002FAB1D /* SRProxyConnect.h in Headers */,
				555E0EB41C51E57A00E6BB92 /* SocketRocket.h in Headers */,
				81C22BC21D124168007BFDDF /* SRHTTPConnectMessage.h in Headers */,
				817995861CE139700084DA37 /* SRDelegateController.h in Headers */,
				81B22EC51CE42D7E0073C636 /* SRError.h in Headers */,
				81B31C5F1CDC444900D86D43 /* SRRunLoopThread.h in Headers */,
			);
			runOnlyForDeploymentPostprocessing = 0;
		};
/* End PBXHeadersBuildPhase section */

/* Begin PBXNativeTarget section */
		2D4227611BB4358C000C1A6C /* SocketRocket-iOS */ = {
			isa = PBXNativeTarget;
			buildConfigurationList = 2D4227671BB4358C000C1A6C /* Build configuration list for PBXNativeTarget "SocketRocket-iOS" */;
			buildPhases = (
				2D42275D1BB4358C000C1A6C /* Sources */,
				2D42275E1BB4358C000C1A6C /* Frameworks */,
				2D42275F1BB4358C000C1A6C /* Headers */,
				2D4227601BB4358C000C1A6C /* Resources */,
			);
			buildRules = (
			);
			dependencies = (
			);
			name = "SocketRocket-iOS";
			productName = "SocketRocket-iOS";
			productReference = 2D4227621BB4358C000C1A6C /* SocketRocket.framework */;
			productType = "com.apple.product-type.framework";
		};
		3345DC821C52ACD70083CCB8 /* SocketRocket-tvOS */ = {
			isa = PBXNativeTarget;
			buildConfigurationList = 3345DC8D1C52ACD70083CCB8 /* Build configuration list for PBXNativeTarget "SocketRocket-tvOS" */;
			buildPhases = (
				3345DC831C52ACD70083CCB8 /* Sources */,
				3345DC851C52ACD70083CCB8 /* Frameworks */,
				3345DC891C52ACD70083CCB8 /* Headers */,
				3345DC8C1C52ACD70083CCB8 /* Resources */,
			);
			buildRules = (
			);
			dependencies = (
			);
			name = "SocketRocket-tvOS";
			productName = "SocketRocket-iOS";
			productReference = 3345DC901C52ACD70083CCB8 /* SocketRocket.framework */;
			productType = "com.apple.product-type.framework";
		};
		F62417E214D52F3C003CE997 /* TestChat */ = {
			isa = PBXNativeTarget;
			buildConfigurationList = F62417FC14D52F3C003CE997 /* Build configuration list for PBXNativeTarget "TestChat" */;
			buildPhases = (
				F62417DF14D52F3C003CE997 /* Sources */,
				F62417E014D52F3C003CE997 /* Frameworks */,
				F62417E114D52F3C003CE997 /* Resources */,
			);
			buildRules = (
			);
			dependencies = (
			);
			name = TestChat;
			productName = TestChat;
			productReference = F62417E314D52F3C003CE997 /* TestChat.app */;
			productType = "com.apple.product-type.application";
		};
		F668C87F153E91210044DBAC /* SocketRocket-OSX */ = {
			isa = PBXNativeTarget;
			buildConfigurationList = F668C891153E91210044DBAC /* Build configuration list for PBXNativeTarget "SocketRocket-OSX" */;
			buildPhases = (
				F6396B85153E67EC00345B5E /* Sources */,
				F668C87C153E91210044DBAC /* Frameworks */,
				F668C87D153E91210044DBAC /* Headers */,
				F668C87E153E91210044DBAC /* Resources */,
			);
			buildRules = (
			);
			dependencies = (
			);
			name = "SocketRocket-OSX";
			productName = SocketRocketOSX;
			productReference = F668C880153E91210044DBAC /* SocketRocket.framework */;
			productType = "com.apple.product-type.framework";
		};
		F6B2082C1450F597009315AF /* SocketRocket */ = {
			isa = PBXNativeTarget;
			buildConfigurationList = F6B2083A1450F597009315AF /* Build configuration list for PBXNativeTarget "SocketRocket" */;
			buildPhases = (
				F6B208291450F597009315AF /* Sources */,
				F6B2082A1450F597009315AF /* Frameworks */,
				F6B2082B1450F597009315AF /* Headers */,
			);
			buildRules = (
			);
			dependencies = (
			);
			name = SocketRocket;
			productName = SocketRocket;
			productReference = F6B2082D1450F597009315AF /* libSocketRocket.a */;
			productType = "com.apple.product-type.library.static";
		};
		F6BDA801145900D200FE3253 /* SRWebSocketTests */ = {
			isa = PBXNativeTarget;
			buildConfigurationList = F6BDA813145900D200FE3253 /* Build configuration list for PBXNativeTarget "SRWebSocketTests" */;
			buildPhases = (
				F6BDA7FD145900D200FE3253 /* Sources */,
				F6BDA7FE145900D200FE3253 /* Frameworks */,
				F6BDA7FF145900D200FE3253 /* Resources */,
			);
			buildRules = (
			);
			dependencies = (
				F62417D614D50869003CE997 /* PBXTargetDependency */,
			);
			name = SRWebSocketTests;
			productName = SRWebSocketTests;
			productReference = F6BDA802145900D200FE3253 /* SRWebSocketTests.xctest */;
			productType = "com.apple.product-type.bundle.unit-test";
		};
/* End PBXNativeTarget section */

/* Begin PBXProject section */
		F6B208241450F597009315AF /* Project object */ = {
			isa = PBXProject;
			attributes = {
				LastTestingUpgradeCheck = 0640;
				LastUpgradeCheck = 0720;
			};
			buildConfigurationList = F6B208271450F597009315AF /* Build configuration list for PBXProject "SocketRocket" */;
			compatibilityVersion = "Xcode 3.2";
			developmentRegion = English;
			hasScannedForEncodings = 0;
			knownRegions = (
				en,
			);
			mainGroup = F6B208221450F597009315AF;
			productRefGroup = F6B2082E1450F597009315AF /* Products */;
			projectDirPath = "";
			projectRoot = "";
			targets = (
				F6B2082C1450F597009315AF /* SocketRocket */,
				2D4227611BB4358C000C1A6C /* SocketRocket-iOS */,
				F668C87F153E91210044DBAC /* SocketRocket-OSX */,
				3345DC821C52ACD70083CCB8 /* SocketRocket-tvOS */,
				F6BDA801145900D200FE3253 /* SRWebSocketTests */,
				F62417E214D52F3C003CE997 /* TestChat */,
			);
		};
/* End PBXProject section */

/* Begin PBXResourcesBuildPhase section */
		2D4227601BB4358C000C1A6C /* Resources */ = {
			isa = PBXResourcesBuildPhase;
			buildActionMask = 2147483647;
			files = (
			);
			runOnlyForDeploymentPostprocessing = 0;
		};
		3345DC8C1C52ACD70083CCB8 /* Resources */ = {
			isa = PBXResourcesBuildPhase;
			buildActionMask = 2147483647;
			files = (
			);
			runOnlyForDeploymentPostprocessing = 0;
		};
		F62417E114D52F3C003CE997 /* Resources */ = {
			isa = PBXResourcesBuildPhase;
			buildActionMask = 2147483647;
			files = (
				F62417EF14D52F3C003CE997 /* InfoPlist.strings in Resources */,
				F62417F814D52F3C003CE997 /* MainStoryboard.storyboard in Resources */,
				F61A0DC81625F44D00365EBD /* Default-568h@2x.png in Resources */,
			);
			runOnlyForDeploymentPostprocessing = 0;
		};
		F668C87E153E91210044DBAC /* Resources */ = {
			isa = PBXResourcesBuildPhase;
			buildActionMask = 2147483647;
			files = (
			);
			runOnlyForDeploymentPostprocessing = 0;
		};
		F6BDA7FF145900D200FE3253 /* Resources */ = {
			isa = PBXResourcesBuildPhase;
			buildActionMask = 2147483647;
			files = (
				8105E5281CDD98E100AA12DB /* autobahn_configuration.json in Resources */,
			);
			runOnlyForDeploymentPostprocessing = 0;
		};
/* End PBXResourcesBuildPhase section */

/* Begin PBXSourcesBuildPhase section */
		2D42275D1BB4358C000C1A6C /* Sources */ = {
			isa = PBXSourcesBuildPhase;
			buildActionMask = 2147483647;
			files = (
				81CD05DC1CEEC47300497F47 /* NSURLRequest+SRWebSocket.m in Sources */,
				81B22ECA1CE42D7E0073C636 /* SRError.m in Sources */,
				81B31C191CDC404100D86D43 /* SRIOConsumer.m in Sources */,
				818689341D08EF3C004F94C8 /* SRSecurityOptions.m in Sources */,
				81C22BC71D124168007BFDDF /* SRHTTPConnectMessage.m in Sources */,
				81CD06021CEEC65D00497F47 /* NSRunLoop+SRWebSocket.m in Sources */,
				2D4227851BB43734000C1A6C /* SRWebSocket.m in Sources */,
				81B31C211CDC404100D86D43 /* SRIOConsumerPool.m in Sources */,
				81B22EE91CE43ECC0073C636 /* SRURLUtilities.m in Sources */,
				8133640C1D091E1B0062E28D /* SRProxyConnect.m in Sources */,
				81B31C641CDC444900D86D43 /* SRRunLoopThread.m in Sources */,
				81B31C321CDC406B00D86D43 /* SRHash.m in Sources */,
				8179958B1CE139700084DA37 /* SRDelegateController.m in Sources */,
			);
			runOnlyForDeploymentPostprocessing = 0;
		};
		3345DC831C52ACD70083CCB8 /* Sources */ = {
			isa = PBXSourcesBuildPhase;
			buildActionMask = 2147483647;
			files = (
				81CD05DE1CEEC47300497F47 /* NSURLRequest+SRWebSocket.m in Sources */,
				81B22ECC1CE42D7E0073C636 /* SRError.m in Sources */,
				81B31C1B1CDC404100D86D43 /* SRIOConsumer.m in Sources */,
				818689361D08EF3C004F94C8 /* SRSecurityOptions.m in Sources */,
				81C22BC91D124168007BFDDF /* SRHTTPConnectMessage.m in Sources */,
				81CD06041CEEC65D00497F47 /* NSRunLoop+SRWebSocket.m in Sources */,
				3345DC841C52ACD70083CCB8 /* SRWebSocket.m in Sources */,
				81B31C231CDC404100D86D43 /* SRIOConsumerPool.m in Sources */,
				81B22EEB1CE43ECC0073C636 /* SRURLUtilities.m in Sources */,
				8133640F1D091E1C0062E28D /* SRProxyConnect.m in Sources */,
				81B31C661CDC444900D86D43 /* SRRunLoopThread.m in Sources */,
				81B31C341CDC406B00D86D43 /* SRHash.m in Sources */,
				8179958D1CE139700084DA37 /* SRDelegateController.m in Sources */,
			);
			runOnlyForDeploymentPostprocessing = 0;
		};
		F62417DF14D52F3C003CE997 /* Sources */ = {
			isa = PBXSourcesBuildPhase;
			buildActionMask = 2147483647;
			files = (
				F62417F114D52F3C003CE997 /* main.m in Sources */,
				F62417F514D52F3C003CE997 /* TCAppDelegate.m in Sources */,
				F62417FB14D52F3C003CE997 /* TCViewController.m in Sources */,
				F624180114D5300C003CE997 /* TCChatCell.m in Sources */,
			);
			runOnlyForDeploymentPostprocessing = 0;
		};
		F6396B85153E67EC00345B5E /* Sources */ = {
			isa = PBXSourcesBuildPhase;
			buildActionMask = 2147483647;
			files = (
				81CD05DD1CEEC47300497F47 /* NSURLRequest+SRWebSocket.m in Sources */,
				81B22ECB1CE42D7E0073C636 /* SRError.m in Sources */,
				81B31C1A1CDC404100D86D43 /* SRIOConsumer.m in Sources */,
				818689351D08EF3C004F94C8 /* SRSecurityOptions.m in Sources */,
				81C22BC81D124168007BFDDF /* SRHTTPConnectMessage.m in Sources */,
				81CD06031CEEC65D00497F47 /* NSRunLoop+SRWebSocket.m in Sources */,
				F6396B86153E67EC00345B5E /* SRWebSocket.m in Sources */,
				81B31C221CDC404100D86D43 /* SRIOConsumerPool.m in Sources */,
				81B22EEA1CE43ECC0073C636 /* SRURLUtilities.m in Sources */,
				8133640E1D091E1B0062E28D /* SRProxyConnect.m in Sources */,
				81B31C651CDC444900D86D43 /* SRRunLoopThread.m in Sources */,
				81B31C331CDC406B00D86D43 /* SRHash.m in Sources */,
				8179958C1CE139700084DA37 /* SRDelegateController.m in Sources */,
			);
			runOnlyForDeploymentPostprocessing = 0;
		};
		F6B208291450F597009315AF /* Sources */ = {
			isa = PBXSourcesBuildPhase;
			buildActionMask = 2147483647;
			files = (
				4861E7761D022211002FAB1D /* SRProxyConnect.m in Sources */,
				818689331D08EF3C004F94C8 /* SRSecurityOptions.m in Sources */,
				81CD05DB1CEEC47300497F47 /* NSURLRequest+SRWebSocket.m in Sources */,
				81B22EC91CE42D7E0073C636 /* SRError.m in Sources */,
				81C22BC61D124168007BFDDF /* SRHTTPConnectMessage.m in Sources */,
				81B31C181CDC404100D86D43 /* SRIOConsumer.m in Sources */,
				81CD06011CEEC65D00497F47 /* NSRunLoop+SRWebSocket.m in Sources */,
				F6A12CD2145119B700C1D980 /* SRWebSocket.m in Sources */,
				81B31C201CDC404100D86D43 /* SRIOConsumerPool.m in Sources */,
				81B22EE81CE43ECC0073C636 /* SRURLUtilities.m in Sources */,
				81B31C631CDC444900D86D43 /* SRRunLoopThread.m in Sources */,
				81B31C311CDC406B00D86D43 /* SRHash.m in Sources */,
				8179958A1CE139700084DA37 /* SRDelegateController.m in Sources */,
			);
			runOnlyForDeploymentPostprocessing = 0;
		};
		F6BDA7FD145900D200FE3253 /* Sources */ = {
			isa = PBXSourcesBuildPhase;
			buildActionMask = 2147483647;
			files = (
				8105E4AE1CDD6E6200AA12DB /* SRAutobahnOperation.m in Sources */,
				817996801CE184F40084DA37 /* SRAutobahnUtilities.m in Sources */,
				8105E4801CDD67B400AA12DB /* SRAutobahnTests.m in Sources */,
				8105E4821CDD67BD00AA12DB /* SRTWebSocketOperation.m in Sources */,
			);
			runOnlyForDeploymentPostprocessing = 0;
		};
/* End PBXSourcesBuildPhase section */

/* Begin PBXTargetDependency section */
		F62417D614D50869003CE997 /* PBXTargetDependency */ = {
			isa = PBXTargetDependency;
			target = F6B2082C1450F597009315AF /* SocketRocket */;
			targetProxy = F62417D514D50869003CE997 /* PBXContainerItemProxy */;
		};
/* End PBXTargetDependency section */

/* Begin PBXVariantGroup section */
		F62417ED14D52F3C003CE997 /* InfoPlist.strings */ = {
			isa = PBXVariantGroup;
			children = (
				F62417EE14D52F3C003CE997 /* en */,
			);
			name = InfoPlist.strings;
			sourceTree = "<group>";
		};
		F62417F614D52F3C003CE997 /* MainStoryboard.storyboard */ = {
			isa = PBXVariantGroup;
			children = (
				F62417F714D52F3C003CE997 /* en */,
			);
			name = MainStoryboard.storyboard;
			sourceTree = "<group>";
		};
/* End PBXVariantGroup section */

/* Begin XCBuildConfiguration section */
		2D4227681BB4358C000C1A6C /* Debug */ = {
			isa = XCBuildConfiguration;
			buildSettings = {
				CLANG_WARN_DIRECT_OBJC_ISA_USAGE = YES_ERROR;
				CLANG_WARN_OBJC_ROOT_CLASS = YES_ERROR;
				"CODE_SIGN_IDENTITY[sdk=iphoneos*]" = "iPhone Developer";
				CURRENT_PROJECT_VERSION = 1;
				DEBUG_INFORMATION_FORMAT = dwarf;
				DEFINES_MODULE = YES;
				DYLIB_COMPATIBILITY_VERSION = 1;
				DYLIB_CURRENT_VERSION = 1;
				DYLIB_INSTALL_NAME_BASE = "@rpath";
				ENABLE_TESTABILITY = YES;
				GCC_SYMBOLS_PRIVATE_EXTERN = NO;
				GCC_WARN_ABOUT_RETURN_TYPE = YES_ERROR;
				GCC_WARN_UNINITIALIZED_AUTOS = YES_AGGRESSIVE;
				INFOPLIST_FILE = "$(SRCROOT)/SocketRocket/Resources/Info.plist";
				INSTALL_PATH = "$(LOCAL_LIBRARY_DIR)/Frameworks";
				IPHONEOS_DEPLOYMENT_TARGET = 8.0;
				LD_RUNPATH_SEARCH_PATHS = "$(inherited) @executable_path/Frameworks @loader_path/Frameworks";
				MTL_ENABLE_DEBUG_INFO = YES;
				OTHER_LDFLAGS = "-ObjC";
				PRODUCT_BUNDLE_IDENTIFIER = com.facebook.socketrocket;
				PRODUCT_NAME = SocketRocket;
				SKIP_INSTALL = YES;
				TARGETED_DEVICE_FAMILY = "1,2";
				VERSIONING_SYSTEM = "apple-generic";
				VERSION_INFO_PREFIX = "";
			};
			name = Debug;
		};
		2D4227691BB4358C000C1A6C /* Release */ = {
			isa = XCBuildConfiguration;
			buildSettings = {
				CLANG_WARN_DIRECT_OBJC_ISA_USAGE = YES_ERROR;
				CLANG_WARN_OBJC_ROOT_CLASS = YES_ERROR;
				"CODE_SIGN_IDENTITY[sdk=iphoneos*]" = "iPhone Developer";
				COPY_PHASE_STRIP = NO;
				CURRENT_PROJECT_VERSION = 1;
				DEBUG_INFORMATION_FORMAT = "dwarf-with-dsym";
				DEFINES_MODULE = YES;
				DYLIB_COMPATIBILITY_VERSION = 1;
				DYLIB_CURRENT_VERSION = 1;
				DYLIB_INSTALL_NAME_BASE = "@rpath";
				ENABLE_NS_ASSERTIONS = NO;
				GCC_SYMBOLS_PRIVATE_EXTERN = NO;
				GCC_WARN_ABOUT_RETURN_TYPE = YES_ERROR;
				GCC_WARN_UNINITIALIZED_AUTOS = YES_AGGRESSIVE;
				INFOPLIST_FILE = "$(SRCROOT)/SocketRocket/Resources/Info.plist";
				INSTALL_PATH = "$(LOCAL_LIBRARY_DIR)/Frameworks";
				IPHONEOS_DEPLOYMENT_TARGET = 8.0;
				LD_RUNPATH_SEARCH_PATHS = "$(inherited) @executable_path/Frameworks @loader_path/Frameworks";
				MTL_ENABLE_DEBUG_INFO = NO;
				OTHER_LDFLAGS = "-ObjC";
				PRODUCT_BUNDLE_IDENTIFIER = com.facebook.socketrocket;
				PRODUCT_NAME = SocketRocket;
				SKIP_INSTALL = YES;
				TARGETED_DEVICE_FAMILY = "1,2";
				VERSIONING_SYSTEM = "apple-generic";
				VERSION_INFO_PREFIX = "";
			};
			name = Release;
		};
		3345DC8E1C52ACD70083CCB8 /* Debug */ = {
			isa = XCBuildConfiguration;
			buildSettings = {
				CLANG_CXX_LANGUAGE_STANDARD = "gnu++0x";
				CLANG_CXX_LIBRARY = "libc++";
				CLANG_WARN_DIRECT_OBJC_ISA_USAGE = YES_ERROR;
				CLANG_WARN_OBJC_ROOT_CLASS = YES_ERROR;
				"CODE_SIGN_IDENTITY[sdk=iphoneos*]" = "iPhone Developer";
				CURRENT_PROJECT_VERSION = 1;
				DEBUG_INFORMATION_FORMAT = dwarf;
				DEFINES_MODULE = YES;
				DYLIB_COMPATIBILITY_VERSION = 1;
				DYLIB_CURRENT_VERSION = 1;
				DYLIB_INSTALL_NAME_BASE = "@rpath";
				ENABLE_TESTABILITY = YES;
				GCC_C_LANGUAGE_STANDARD = gnu99;
				GCC_SYMBOLS_PRIVATE_EXTERN = NO;
				GCC_WARN_ABOUT_RETURN_TYPE = YES_ERROR;
				GCC_WARN_UNINITIALIZED_AUTOS = YES_AGGRESSIVE;
				INFOPLIST_FILE = "$(SRCROOT)/SocketRocket/Resources/Info.plist";
				INSTALL_PATH = "$(LOCAL_LIBRARY_DIR)/Frameworks";
				LD_RUNPATH_SEARCH_PATHS = "$(inherited) @executable_path/Frameworks @loader_path/Frameworks";
				MTL_ENABLE_DEBUG_INFO = YES;
				OTHER_LDFLAGS = "-ObjC";
				PRODUCT_BUNDLE_IDENTIFIER = com.facebook.socketrocket;
				PRODUCT_NAME = SocketRocket;
				SDKROOT = appletvos;
				SKIP_INSTALL = YES;
				TARGETED_DEVICE_FAMILY = 3;
				VERSIONING_SYSTEM = "apple-generic";
				VERSION_INFO_PREFIX = "";
			};
			name = Debug;
		};
		3345DC8F1C52ACD70083CCB8 /* Release */ = {
			isa = XCBuildConfiguration;
			buildSettings = {
				CLANG_CXX_LANGUAGE_STANDARD = "gnu++0x";
				CLANG_CXX_LIBRARY = "libc++";
				CLANG_WARN_DIRECT_OBJC_ISA_USAGE = YES_ERROR;
				CLANG_WARN_OBJC_ROOT_CLASS = YES_ERROR;
				"CODE_SIGN_IDENTITY[sdk=iphoneos*]" = "iPhone Developer";
				COPY_PHASE_STRIP = NO;
				CURRENT_PROJECT_VERSION = 1;
				DEBUG_INFORMATION_FORMAT = "dwarf-with-dsym";
				DEFINES_MODULE = YES;
				DYLIB_COMPATIBILITY_VERSION = 1;
				DYLIB_CURRENT_VERSION = 1;
				DYLIB_INSTALL_NAME_BASE = "@rpath";
				ENABLE_NS_ASSERTIONS = NO;
				GCC_C_LANGUAGE_STANDARD = gnu99;
				GCC_SYMBOLS_PRIVATE_EXTERN = NO;
				GCC_WARN_ABOUT_RETURN_TYPE = YES_ERROR;
				GCC_WARN_UNINITIALIZED_AUTOS = YES_AGGRESSIVE;
				INFOPLIST_FILE = "$(SRCROOT)/SocketRocket/Resources/Info.plist";
				INSTALL_PATH = "$(LOCAL_LIBRARY_DIR)/Frameworks";
				LD_RUNPATH_SEARCH_PATHS = "$(inherited) @executable_path/Frameworks @loader_path/Frameworks";
				MTL_ENABLE_DEBUG_INFO = NO;
				OTHER_LDFLAGS = "-ObjC";
				PRODUCT_BUNDLE_IDENTIFIER = com.facebook.socketrocket;
				PRODUCT_NAME = SocketRocket;
				SDKROOT = appletvos;
				SKIP_INSTALL = YES;
				TARGETED_DEVICE_FAMILY = 3;
				VERSIONING_SYSTEM = "apple-generic";
				VERSION_INFO_PREFIX = "";
			};
			name = Release;
		};
		F62417FD14D52F3C003CE997 /* Debug */ = {
			isa = XCBuildConfiguration;
			buildSettings = {
				"CODE_SIGN_IDENTITY[sdk=iphoneos*]" = "iPhone Developer";
				FRAMEWORK_SEARCH_PATHS = (
					"$(inherited)",
					"\"$(DEVELOPER_FRAMEWORKS_DIR)\"",
				);
				INFOPLIST_FILE = "TestChat/TestChat-Info.plist";
				IPHONEOS_DEPLOYMENT_TARGET = 6.0;
				OTHER_LDFLAGS = "-ObjC";
				PRODUCT_BUNDLE_IDENTIFIER = com.facebook.socketrocket.testchat;
				PRODUCT_NAME = "$(TARGET_NAME)";
				TARGETED_DEVICE_FAMILY = "1,2";
				WRAPPER_EXTENSION = app;
			};
			name = Debug;
		};
		F62417FE14D52F3C003CE997 /* Release */ = {
			isa = XCBuildConfiguration;
			buildSettings = {
				"CODE_SIGN_IDENTITY[sdk=iphoneos*]" = "iPhone Developer";
				FRAMEWORK_SEARCH_PATHS = (
					"$(inherited)",
					"\"$(DEVELOPER_FRAMEWORKS_DIR)\"",
				);
				INFOPLIST_FILE = "TestChat/TestChat-Info.plist";
				IPHONEOS_DEPLOYMENT_TARGET = 6.0;
				OTHER_CFLAGS = "-DNS_BLOCK_ASSERTIONS=1";
				OTHER_LDFLAGS = "-ObjC";
				PRODUCT_BUNDLE_IDENTIFIER = com.facebook.socketrocket.testchat;
				PRODUCT_NAME = "$(TARGET_NAME)";
				TARGETED_DEVICE_FAMILY = "1,2";
				WRAPPER_EXTENSION = app;
			};
			name = Release;
		};
		F668C892153E91210044DBAC /* Debug */ = {
			isa = XCBuildConfiguration;
			buildSettings = {
				COMBINE_HIDPI_IMAGES = YES;
				DEFINES_MODULE = YES;
				DYLIB_COMPATIBILITY_VERSION = 1;
				DYLIB_CURRENT_VERSION = 1;
				FRAMEWORK_VERSION = A;
				GCC_ENABLE_OBJC_EXCEPTIONS = YES;
				GCC_SYMBOLS_PRIVATE_EXTERN = NO;
				INFOPLIST_FILE = "$(SRCROOT)/SocketRocket/Resources/Info.plist";
				LD_DYLIB_INSTALL_NAME = "@executable_path/../Frameworks/$(EXECUTABLE_PATH)";
				MACOSX_DEPLOYMENT_TARGET = 10.8;
				ONLY_ACTIVE_ARCH = YES;
				OTHER_LDFLAGS = "-ObjC";
				PRODUCT_BUNDLE_IDENTIFIER = com.facebook.socketrocket;
				PRODUCT_NAME = SocketRocket;
				SDKROOT = macosx;
				WRAPPER_EXTENSION = framework;
			};
			name = Debug;
		};
		F668C893153E91210044DBAC /* Release */ = {
			isa = XCBuildConfiguration;
			buildSettings = {
				COMBINE_HIDPI_IMAGES = YES;
				DEBUG_INFORMATION_FORMAT = "dwarf-with-dsym";
				DEFINES_MODULE = YES;
				DYLIB_COMPATIBILITY_VERSION = 1;
				DYLIB_CURRENT_VERSION = 1;
				FRAMEWORK_VERSION = A;
				GCC_ENABLE_OBJC_EXCEPTIONS = YES;
				GCC_SYMBOLS_PRIVATE_EXTERN = NO;
				INFOPLIST_FILE = "$(SRCROOT)/SocketRocket/Resources/Info.plist";
				LD_DYLIB_INSTALL_NAME = "@executable_path/../Frameworks/$(EXECUTABLE_PATH)";
				MACOSX_DEPLOYMENT_TARGET = 10.8;
				OTHER_LDFLAGS = "-ObjC";
				PRODUCT_BUNDLE_IDENTIFIER = com.facebook.socketrocket;
				PRODUCT_NAME = SocketRocket;
				SDKROOT = macosx;
				WRAPPER_EXTENSION = framework;
			};
			name = Release;
		};
		F6B208381450F597009315AF /* Debug */ = {
			isa = XCBuildConfiguration;
			buildSettings = {
				ALWAYS_SEARCH_USER_PATHS = NO;
				CLANG_CXX_LANGUAGE_STANDARD = "c++0x";
				CLANG_ENABLE_MODULES = YES;
				CLANG_ENABLE_OBJC_ARC = YES;
				CLANG_WARN_BOOL_CONVERSION = YES;
				CLANG_WARN_CONSTANT_CONVERSION = YES;
				CLANG_WARN_EMPTY_BODY = YES;
				CLANG_WARN_ENUM_CONVERSION = YES;
				CLANG_WARN_INT_CONVERSION = YES;
				CLANG_WARN_UNREACHABLE_CODE = YES;
				CLANG_WARN__DUPLICATE_METHOD_MATCH = YES;
				COPY_PHASE_STRIP = NO;
				ENABLE_STRICT_OBJC_MSGSEND = YES;
				ENABLE_TESTABILITY = YES;
				GCC_DYNAMIC_NO_PIC = NO;
				GCC_NO_COMMON_BLOCKS = YES;
				GCC_OPTIMIZATION_LEVEL = 0;
				GCC_PREPROCESSOR_DEFINITIONS = (
					"DEBUG=1",
					"$(inherited)",
				);
				GCC_TREAT_WARNINGS_AS_ERRORS = YES;
				GCC_VERSION = com.apple.compilers.llvm.clang.1_0;
				GCC_WARN_64_TO_32_BIT_CONVERSION = YES;
				GCC_WARN_ABOUT_MISSING_NEWLINE = YES;
				GCC_WARN_ABOUT_MISSING_PROTOTYPES = YES;
				GCC_WARN_ABOUT_RETURN_TYPE = YES;
				GCC_WARN_SIGN_COMPARE = YES;
				GCC_WARN_UNDECLARED_SELECTOR = YES;
				GCC_WARN_UNINITIALIZED_AUTOS = YES;
				GCC_WARN_UNUSED_FUNCTION = YES;
				GCC_WARN_UNUSED_VARIABLE = YES;
				ONLY_ACTIVE_ARCH = YES;
				RUN_CLANG_STATIC_ANALYZER = YES;
				SDKROOT = iphoneos;
			};
			name = Debug;
		};
		F6B208391450F597009315AF /* Release */ = {
			isa = XCBuildConfiguration;
			buildSettings = {
				ALWAYS_SEARCH_USER_PATHS = NO;
				CLANG_CXX_LANGUAGE_STANDARD = "c++0x";
				CLANG_ENABLE_MODULES = YES;
				CLANG_ENABLE_OBJC_ARC = YES;
				CLANG_WARN_BOOL_CONVERSION = YES;
				CLANG_WARN_CONSTANT_CONVERSION = YES;
				CLANG_WARN_EMPTY_BODY = YES;
				CLANG_WARN_ENUM_CONVERSION = YES;
				CLANG_WARN_INT_CONVERSION = YES;
				CLANG_WARN_UNREACHABLE_CODE = YES;
				CLANG_WARN__DUPLICATE_METHOD_MATCH = YES;
				COPY_PHASE_STRIP = YES;
				ENABLE_STRICT_OBJC_MSGSEND = YES;
				GCC_NO_COMMON_BLOCKS = YES;
				GCC_PREPROCESSOR_DEFINITIONS = (
					NDEBUG,
					"$(inherited)",
				);
				GCC_SYMBOLS_PRIVATE_EXTERN = YES;
				GCC_TREAT_WARNINGS_AS_ERRORS = YES;
				GCC_VERSION = com.apple.compilers.llvm.clang.1_0;
				GCC_WARN_64_TO_32_BIT_CONVERSION = YES;
				GCC_WARN_ABOUT_MISSING_NEWLINE = YES;
				GCC_WARN_ABOUT_MISSING_PROTOTYPES = YES;
				GCC_WARN_ABOUT_RETURN_TYPE = YES;
				GCC_WARN_SIGN_COMPARE = YES;
				GCC_WARN_UNDECLARED_SELECTOR = YES;
				GCC_WARN_UNINITIALIZED_AUTOS = YES;
				GCC_WARN_UNUSED_FUNCTION = YES;
				GCC_WARN_UNUSED_VARIABLE = YES;
				RUN_CLANG_STATIC_ANALYZER = YES;
				SDKROOT = iphoneos;
				VALIDATE_PRODUCT = YES;
			};
			name = Release;
		};
		F6B2083B1450F597009315AF /* Debug */ = {
			isa = XCBuildConfiguration;
			buildSettings = {
				CLANG_ENABLE_OBJC_ARC = YES;
				DSTROOT = /tmp/SocketRocket.dst;
				IPHONEOS_DEPLOYMENT_TARGET = 6.0;
				OTHER_LDFLAGS = "-Licucore";
				PRODUCT_NAME = "$(TARGET_NAME)";
				PUBLIC_HEADERS_FOLDER_PATH = include/$PRODUCT_NAME;
				SKIP_INSTALL = YES;
			};
			name = Debug;
		};
		F6B2083C1450F597009315AF /* Release */ = {
			isa = XCBuildConfiguration;
			buildSettings = {
				CLANG_ENABLE_OBJC_ARC = YES;
				DSTROOT = /tmp/SocketRocket.dst;
				IPHONEOS_DEPLOYMENT_TARGET = 6.0;
				OTHER_LDFLAGS = "-Licucore";
				PRODUCT_NAME = "$(TARGET_NAME)";
				PUBLIC_HEADERS_FOLDER_PATH = include/$PRODUCT_NAME;
				SKIP_INSTALL = YES;
			};
			name = Release;
		};
		F6BDA811145900D200FE3253 /* Debug */ = {
			isa = XCBuildConfiguration;
			buildSettings = {
				CODE_SIGN_IDENTITY = "iPhone Developer";
				INFOPLIST_FILE = "$(SRCROOT)/Tests/Resources/SRWebSocketTests-Info.plist";
				IPHONEOS_DEPLOYMENT_TARGET = 6.0;
				OTHER_LDFLAGS = (
					"-all_load",
					"-ObjC",
					"-framework",
					XCTest,
				);
				PRODUCT_BUNDLE_IDENTIFIER = com.facebook.socketrocket.tests;
				PRODUCT_NAME = "$(TARGET_NAME)";
			};
			name = Debug;
		};
		F6BDA812145900D200FE3253 /* Release */ = {
			isa = XCBuildConfiguration;
			buildSettings = {
				CODE_SIGN_IDENTITY = "iPhone Developer";
				INFOPLIST_FILE = "$(SRCROOT)/Tests/Resources/SRWebSocketTests-Info.plist";
				IPHONEOS_DEPLOYMENT_TARGET = 6.0;
				OTHER_LDFLAGS = (
					"-all_load",
					"-ObjC",
					"-framework",
					XCTest,
				);
				PRODUCT_BUNDLE_IDENTIFIER = com.facebook.socketrocket.tests;
				PRODUCT_NAME = "$(TARGET_NAME)";
			};
			name = Release;
		};
/* End XCBuildConfiguration section */

/* Begin XCConfigurationList section */
		2D4227671BB4358C000C1A6C /* Build configuration list for PBXNativeTarget "SocketRocket-iOS" */ = {
			isa = XCConfigurationList;
			buildConfigurations = (
				2D4227681BB4358C000C1A6C /* Debug */,
				2D4227691BB4358C000C1A6C /* Release */,
			);
			defaultConfigurationIsVisible = 0;
			defaultConfigurationName = Release;
		};
		3345DC8D1C52ACD70083CCB8 /* Build configuration list for PBXNativeTarget "SocketRocket-tvOS" */ = {
			isa = XCConfigurationList;
			buildConfigurations = (
				3345DC8E1C52ACD70083CCB8 /* Debug */,
				3345DC8F1C52ACD70083CCB8 /* Release */,
			);
			defaultConfigurationIsVisible = 0;
			defaultConfigurationName = Release;
		};
		F62417FC14D52F3C003CE997 /* Build configuration list for PBXNativeTarget "TestChat" */ = {
			isa = XCConfigurationList;
			buildConfigurations = (
				F62417FD14D52F3C003CE997 /* Debug */,
				F62417FE14D52F3C003CE997 /* Release */,
			);
			defaultConfigurationIsVisible = 0;
			defaultConfigurationName = Release;
		};
		F668C891153E91210044DBAC /* Build configuration list for PBXNativeTarget "SocketRocket-OSX" */ = {
			isa = XCConfigurationList;
			buildConfigurations = (
				F668C892153E91210044DBAC /* Debug */,
				F668C893153E91210044DBAC /* Release */,
			);
			defaultConfigurationIsVisible = 0;
			defaultConfigurationName = Release;
		};
		F6B208271450F597009315AF /* Build configuration list for PBXProject "SocketRocket" */ = {
			isa = XCConfigurationList;
			buildConfigurations = (
				F6B208381450F597009315AF /* Debug */,
				F6B208391450F597009315AF /* Release */,
			);
			defaultConfigurationIsVisible = 0;
			defaultConfigurationName = Release;
		};
		F6B2083A1450F597009315AF /* Build configuration list for PBXNativeTarget "SocketRocket" */ = {
			isa = XCConfigurationList;
			buildConfigurations = (
				F6B2083B1450F597009315AF /* Debug */,
				F6B2083C1450F597009315AF /* Release */,
			);
			defaultConfigurationIsVisible = 0;
			defaultConfigurationName = Release;
		};
		F6BDA813145900D200FE3253 /* Build configuration list for PBXNativeTarget "SRWebSocketTests" */ = {
			isa = XCConfigurationList;
			buildConfigurations = (
				F6BDA811145900D200FE3253 /* Debug */,
				F6BDA812145900D200FE3253 /* Release */,
			);
			defaultConfigurationIsVisible = 0;
			defaultConfigurationName = Release;
		};
/* End XCConfigurationList section */
	};
	rootObject = F6B208241450F597009315AF /* Project object */;
}
